
Microsoft Visual Studio Solution File, Format Version 12.00
# Visual Studio Version 16
VisualStudioVersion = 16.0.28803.202
MinimumVisualStudioVersion = 10.0.40219.1
Project("{9A19103F-16F7-4668-BE54-9A1E7A4F7556}") = "ApiGateway", "ApiGateway\ApiGateway.csproj", "{E9AFBFD7-EF20-48E5-BB30-5C63C59D7C1C}"
EndProject
Project("{9A19103F-16F7-4668-BE54-9A1E7A4F7556}") = "DownstreamService", "DownstreamService\DownstreamService.csproj", "{86FFAE3C-648F-4CDE-A260-37C8EBFBF4F2}"
EndProject
Global
	GlobalSection(SolutionConfigurationPlatforms) = preSolution
		Debug|Any CPU = Debug|Any CPU
		Release|Any CPU = Release|Any CPU
	EndGlobalSection
	GlobalSection(ProjectConfigurationPlatforms) = postSolution
		{E9AFBFD7-EF20-48E5-BB30-5C63C59D7C1C}.Debug|Any CPU.ActiveCfg = Debug|Any CPU
		{E9AFBFD7-EF20-48E5-BB30-5C63C59D7C1C}.Debug|Any CPU.Build.0 = Debug|Any CPU
		{E9AFBFD7-EF20-48E5-BB30-5C63C59D7C1C}.Release|Any CPU.ActiveCfg = Release|Any CPU
		{E9AFBFD7-EF20-48E5-BB30-5C63C59D7C1C}.Release|Any CPU.Build.0 = Release|Any CPU
		{86FFAE3C-648F-4CDE-A260-37C8EBFBF4F2}.Debug|Any CPU.ActiveCfg = Debug|Any CPU
		{86FFAE3C-648F-4CDE-A260-37C8EBFBF4F2}.Debug|Any CPU.Build.0 = Debug|Any CPU
		{86FFAE3C-648F-4CDE-A260-37C8EBFBF4F2}.Release|Any CPU.ActiveCfg = Release|Any CPU
		{86FFAE3C-648F-4CDE-A260-37C8EBFBF4F2}.Release|Any CPU.Build.0 = Release|Any CPU
	EndGlobalSection
	GlobalSection(SolutionProperties) = preSolution
		HideSolutionNode = FALSE
	EndGlobalSection
	GlobalSection(ExtensibilityGlobals) = postSolution
		SolutionGuid = {D29790E8-4BA9-4E60-8D7D-327E21320CC9}
	EndGlobalSection
EndGlobal
