
Microsoft Visual Studio Solution File, Format Version 12.00
# Visual Studio 15
VisualStudioVersion = 15.0.27130.2036
MinimumVisualStudioVersion = 10.0.40219.1
Project("{2150E333-8FDC-42A3-9474-1A3956D46DE8}") = "src", "src", "{5CFB79B7-C9DC-45A4-9A75-625D92471702}"
EndProject
Project("{2150E333-8FDC-42A3-9474-1A3956D46DE8}") = "Solution Items", "Solution Items", "{3FA7C349-DBE8-4904-A2CE-015B8869CE6C}"
	ProjectSection(SolutionItems) = preProject
		.gitignore = .gitignore
		build-and-release-unstable.ps1 = build-and-release-unstable.ps1
		build-and-run-tests.ps1 = build-and-run-tests.ps1
		build.cake = build.cake
		build.ps1 = build.ps1
		codeanalysis.ruleset = codeanalysis.ruleset
		GitVersion.yml = GitVersion.yml
		global.json = global.json
		LICENSE.md = LICENSE.md
		README.md = README.md
		release.ps1 = release.ps1
		ReleaseNotes.md = ReleaseNotes.md
		run-acceptance-tests.ps1 = run-acceptance-tests.ps1
		run-benchmarks.ps1 = run-benchmarks.ps1
		run-unit-tests.ps1 = run-unit-tests.ps1
		version.ps1 = version.ps1
		Dockerfile = Dockerfile
		.dockerignore = .dockerignore
		docker-compose.yaml = docker-compose.yaml
	EndProjectSection
EndProject
Project("{2150E333-8FDC-42A3-9474-1A3956D46DE8}") = "test", "test", "{5B401523-36DA-4491-B73A-7590A26E420B}"
EndProject
Project("{9A19103F-16F7-4668-BE54-9A1E7A4F7556}") = "Ocelot", "src\Ocelot\Ocelot.csproj", "{D6DF4206-0DBA-41D8-884D-C3E08290FDBB}"
EndProject
Project("{9A19103F-16F7-4668-BE54-9A1E7A4F7556}") = "Ocelot.UnitTests", "test\Ocelot.UnitTests\Ocelot.UnitTests.csproj", "{54E84F1A-E525-4443-96EC-039CBD50C263}"
EndProject
Project("{9A19103F-16F7-4668-BE54-9A1E7A4F7556}") = "Ocelot.AcceptanceTests", "test\Ocelot.AcceptanceTests\Ocelot.AcceptanceTests.csproj", "{F8C224FE-36BE-45F5-9B0E-666D8F4A9B52}"
EndProject
Project("{9A19103F-16F7-4668-BE54-9A1E7A4F7556}") = "Ocelot.ManualTest", "test\Ocelot.ManualTest\Ocelot.ManualTest.csproj", "{02BBF4C5-517E-4157-8D21-4B8B9E118B7A}"
EndProject
Project("{9A19103F-16F7-4668-BE54-9A1E7A4F7556}") = "Ocelot.Benchmarks", "test\Ocelot.Benchmarks\Ocelot.Benchmarks.csproj", "{106B49E6-95F6-4A7B-B81C-96BFA74AF035}"
EndProject
Project("{9A19103F-16F7-4668-BE54-9A1E7A4F7556}") = "Ocelot.IntegrationTests", "test\Ocelot.IntegrationTests\Ocelot.IntegrationTests.csproj", "{D4575572-99CA-4530-8737-C296EDA326F8}"
EndProject
Project("{FAE04EC0-301F-11D3-BF4B-00C04F79EFBC}") = "Ocelot.Administration", "src\Ocelot.Administration\Ocelot.Administration.csproj", "{F69CEF43-27D2-4940-A47A-FCA879E371BC}"
EndProject
Project("{FAE04EC0-301F-11D3-BF4B-00C04F79EFBC}") = "Ocelot.Cache.CacheManager", "src\Ocelot.Cache.CacheManager\Ocelot.Cache.CacheManager.csproj", "{EB9F438F-062E-499F-B6EA-4412BEF6D74C}"
EndProject
Project("{FAE04EC0-301F-11D3-BF4B-00C04F79EFBC}") = "Ocelot.Provider.Consul", "src\Ocelot.Provider.Consul\Ocelot.Provider.Consul.csproj", "{02F5AE4D-9C36-4E58-B7C6-012CBBDEFDE0}"
EndProject
Project("{FAE04EC0-301F-11D3-BF4B-00C04F79EFBC}") = "Ocelot.Provider.Eureka", "src\Ocelot.Provider.Eureka\Ocelot.Provider.Eureka.csproj", "{9BBD3586-145C-4FA0-91C5-9ED58287D753}"
EndProject
Project("{FAE04EC0-301F-11D3-BF4B-00C04F79EFBC}") = "Ocelot.Provider.Polly", "src\Ocelot.Provider.Polly\Ocelot.Provider.Polly.csproj", "{1F6E5DCF-8A2E-4E24-A25D-064362DE8D0E}"
EndProject
Project("{FAE04EC0-301F-11D3-BF4B-00C04F79EFBC}") = "Ocelot.Provider.Rafty", "src\Ocelot.Provider.Rafty\Ocelot.Provider.Rafty.csproj", "{AC153C67-EF18-47E6-A230-F0D3CF5F0A98}"
EndProject
Project("{FAE04EC0-301F-11D3-BF4B-00C04F79EFBC}") = "Ocelot.Tracing.Butterfly", "src\Ocelot.Tracing.Butterfly\Ocelot.Tracing.Butterfly.csproj", "{6045E23D-669C-4F27-AF8E-8EEE6DB3557F}"
EndProject
Project("{FAE04EC0-301F-11D3-BF4B-00C04F79EFBC}") = "Ocelot.Administration.IntegrationTests", "test\Ocelot.Administration.IntegrationTests\Ocelot.Administration.IntegrationTests.csproj", "{E9FEFCC2-4BA1-4356-9CEF-2681A072BB4B}"
EndProject
Project("{FAE04EC0-301F-11D3-BF4B-00C04F79EFBC}") = "Ocelot.Administration.UnitTests", "test\Ocelot.Administration.UnitTests\Ocelot.Administration.UnitTests.csproj", "{D8D646FB-6630-4AF3-A64C-5433AE37E771}"
EndProject
Project("{FAE04EC0-301F-11D3-BF4B-00C04F79EFBC}") = "Ocelot.Cache.CacheManager.AcceptanceTests", "test\Ocelot.Cache.CacheManager.AcceptanceTests\Ocelot.Cache.CacheManager.AcceptanceTests.csproj", "{783810FA-2A37-4828-A5D2-3F36FB613E54}"
EndProject
Project("{FAE04EC0-301F-11D3-BF4B-00C04F79EFBC}") = "Ocelot.Cache.CacheManager.IntegrationTests", "test\Ocelot.Cache.CacheManager.IntegrationTests\Ocelot.Cache.CacheManager.IntegrationTests.csproj", "{7EB93B70-66D6-4C8B-99D4-FC05AB0CCBF8}"
EndProject
Project("{FAE04EC0-301F-11D3-BF4B-00C04F79EFBC}") = "Ocelot.Cache.CacheManager.UnitTests", "test\Ocelot.Cache.CacheManager.UnitTests\Ocelot.Cache.CacheManager.UnitTests.csproj", "{1C646BFD-7748-4089-9025-B05D5F89134B}"
EndProject
Project("{FAE04EC0-301F-11D3-BF4B-00C04F79EFBC}") = "Ocelot.Provider.Consul.AcceptanceTests", "test\Ocelot.Provider.Consul.AcceptanceTests\Ocelot.Provider.Consul.AcceptanceTests.csproj", "{34FBA32F-79B2-4052-954A-605CAD85D1EF}"
EndProject
Project("{FAE04EC0-301F-11D3-BF4B-00C04F79EFBC}") = "Ocelot.Provider.Consul.UnitTests", "test\Ocelot.Provider.Consul.UnitTests\Ocelot.Provider.Consul.UnitTests.csproj", "{D4E03B67-075D-4073-8870-F1CEFF5E7B5E}"
EndProject
Project("{FAE04EC0-301F-11D3-BF4B-00C04F79EFBC}") = "Ocelot.Provider.Eureka.AcceptanceTests", "test\Ocelot.Provider.Eureka.AcceptanceTests\Ocelot.Provider.Eureka.AcceptanceTests.csproj", "{99AD9A33-BA04-47FA-AE30-C5CC8A0735F5}"
EndProject
Project("{FAE04EC0-301F-11D3-BF4B-00C04F79EFBC}") = "Ocelot.Provider.Eureka.UnitTests", "test\Ocelot.Provider.Eureka.UnitTests\Ocelot.Provider.Eureka.UnitTests.csproj", "{9E358EE7-E82A-43DD-9D6A-68A6753DDBCB}"
EndProject
Project("{FAE04EC0-301F-11D3-BF4B-00C04F79EFBC}") = "Ocelot.Provider.Polly.AcceptanceTests", "test\Ocelot.Provider.Polly.AcceptanceTests\Ocelot.Provider.Polly.AcceptanceTests.csproj", "{A696D706-8158-4231-8600-D8F65B5CF2BD}"
EndProject
Project("{FAE04EC0-301F-11D3-BF4B-00C04F79EFBC}") = "Ocelot.Provider.Polly.IntegrationTests", "test\Ocelot.Provider.Polly.IntegrationTests\Ocelot.Provider.Polly.IntegrationTests.csproj", "{A9D55F15-32B1-488E-97A3-A24D0B43AE2E}"
EndProject
Project("{FAE04EC0-301F-11D3-BF4B-00C04F79EFBC}") = "Ocelot.Provider.Polly.UnitTests", "test\Ocelot.Provider.Polly.UnitTests\Ocelot.Provider.Polly.UnitTests.csproj", "{527BD5B2-362D-4C0B-B296-C6B40DD5A964}"
EndProject
Project("{FAE04EC0-301F-11D3-BF4B-00C04F79EFBC}") = "Ocelot.Provider.Rafty.IntegrationTests", "test\Ocelot.Provider.Rafty.IntegrationTests\Ocelot.Provider.Rafty.IntegrationTests.csproj", "{5CA3F76B-47BE-42AC-91CB-63466040B0DD}"
EndProject
Project("{FAE04EC0-301F-11D3-BF4B-00C04F79EFBC}") = "Ocelot.Provider.Rafty.UnitTests", "test\Ocelot.Provider.Rafty.UnitTests\Ocelot.Provider.Rafty.UnitTests.csproj", "{99AD7628-7CAF-40B2-B592-ED0C32C08C49}"
EndProject
Project("{FAE04EC0-301F-11D3-BF4B-00C04F79EFBC}") = "Ocelot.Tracing.Butterfly.AcceptanceTests", "test\Ocelot.Tracing.Butterfly.AcceptanceTests\Ocelot.Tracing.Butterfly.AcceptanceTests.csproj", "{016304E8-0056-436B-998E-5BDFD1BC8724}"
EndProject
Global
	GlobalSection(SolutionConfigurationPlatforms) = preSolution
		Debug|Any CPU = Debug|Any CPU
		Release|Any CPU = Release|Any CPU
	EndGlobalSection
	GlobalSection(ProjectConfigurationPlatforms) = postSolution
		{D6DF4206-0DBA-41D8-884D-C3E08290FDBB}.Debug|Any CPU.ActiveCfg = Debug|Any CPU
		{D6DF4206-0DBA-41D8-884D-C3E08290FDBB}.Debug|Any CPU.Build.0 = Debug|Any CPU
		{D6DF4206-0DBA-41D8-884D-C3E08290FDBB}.Release|Any CPU.ActiveCfg = Release|Any CPU
		{D6DF4206-0DBA-41D8-884D-C3E08290FDBB}.Release|Any CPU.Build.0 = Release|Any CPU
		{54E84F1A-E525-4443-96EC-039CBD50C263}.Debug|Any CPU.ActiveCfg = Debug|Any CPU
		{54E84F1A-E525-4443-96EC-039CBD50C263}.Debug|Any CPU.Build.0 = Debug|Any CPU
		{54E84F1A-E525-4443-96EC-039CBD50C263}.Release|Any CPU.ActiveCfg = Release|Any CPU
		{54E84F1A-E525-4443-96EC-039CBD50C263}.Release|Any CPU.Build.0 = Release|Any CPU
		{F8C224FE-36BE-45F5-9B0E-666D8F4A9B52}.Debug|Any CPU.ActiveCfg = Debug|Any CPU
		{F8C224FE-36BE-45F5-9B0E-666D8F4A9B52}.Debug|Any CPU.Build.0 = Debug|Any CPU
		{F8C224FE-36BE-45F5-9B0E-666D8F4A9B52}.Release|Any CPU.ActiveCfg = Release|Any CPU
		{F8C224FE-36BE-45F5-9B0E-666D8F4A9B52}.Release|Any CPU.Build.0 = Release|Any CPU
		{02BBF4C5-517E-4157-8D21-4B8B9E118B7A}.Debug|Any CPU.ActiveCfg = Debug|Any CPU
		{02BBF4C5-517E-4157-8D21-4B8B9E118B7A}.Debug|Any CPU.Build.0 = Debug|Any CPU
		{02BBF4C5-517E-4157-8D21-4B8B9E118B7A}.Release|Any CPU.ActiveCfg = Release|Any CPU
		{02BBF4C5-517E-4157-8D21-4B8B9E118B7A}.Release|Any CPU.Build.0 = Release|Any CPU
		{106B49E6-95F6-4A7B-B81C-96BFA74AF035}.Debug|Any CPU.ActiveCfg = Debug|Any CPU
		{106B49E6-95F6-4A7B-B81C-96BFA74AF035}.Debug|Any CPU.Build.0 = Debug|Any CPU
		{106B49E6-95F6-4A7B-B81C-96BFA74AF035}.Release|Any CPU.ActiveCfg = Release|Any CPU
		{106B49E6-95F6-4A7B-B81C-96BFA74AF035}.Release|Any CPU.Build.0 = Release|Any CPU
		{D4575572-99CA-4530-8737-C296EDA326F8}.Debug|Any CPU.ActiveCfg = Debug|Any CPU
		{D4575572-99CA-4530-8737-C296EDA326F8}.Debug|Any CPU.Build.0 = Debug|Any CPU
		{D4575572-99CA-4530-8737-C296EDA326F8}.Release|Any CPU.ActiveCfg = Release|Any CPU
		{D4575572-99CA-4530-8737-C296EDA326F8}.Release|Any CPU.Build.0 = Release|Any CPU
		{F69CEF43-27D2-4940-A47A-FCA879E371BC}.Debug|Any CPU.ActiveCfg = Debug|Any CPU
		{F69CEF43-27D2-4940-A47A-FCA879E371BC}.Debug|Any CPU.Build.0 = Debug|Any CPU
		{F69CEF43-27D2-4940-A47A-FCA879E371BC}.Release|Any CPU.ActiveCfg = Release|Any CPU
		{F69CEF43-27D2-4940-A47A-FCA879E371BC}.Release|Any CPU.Build.0 = Release|Any CPU
		{EB9F438F-062E-499F-B6EA-4412BEF6D74C}.Debug|Any CPU.ActiveCfg = Debug|Any CPU
		{EB9F438F-062E-499F-B6EA-4412BEF6D74C}.Debug|Any CPU.Build.0 = Debug|Any CPU
		{EB9F438F-062E-499F-B6EA-4412BEF6D74C}.Release|Any CPU.ActiveCfg = Release|Any CPU
		{EB9F438F-062E-499F-B6EA-4412BEF6D74C}.Release|Any CPU.Build.0 = Release|Any CPU
		{02F5AE4D-9C36-4E58-B7C6-012CBBDEFDE0}.Debug|Any CPU.ActiveCfg = Debug|Any CPU
		{02F5AE4D-9C36-4E58-B7C6-012CBBDEFDE0}.Debug|Any CPU.Build.0 = Debug|Any CPU
		{02F5AE4D-9C36-4E58-B7C6-012CBBDEFDE0}.Release|Any CPU.ActiveCfg = Release|Any CPU
		{02F5AE4D-9C36-4E58-B7C6-012CBBDEFDE0}.Release|Any CPU.Build.0 = Release|Any CPU
		{9BBD3586-145C-4FA0-91C5-9ED58287D753}.Debug|Any CPU.ActiveCfg = Debug|Any CPU
		{9BBD3586-145C-4FA0-91C5-9ED58287D753}.Debug|Any CPU.Build.0 = Debug|Any CPU
		{9BBD3586-145C-4FA0-91C5-9ED58287D753}.Release|Any CPU.ActiveCfg = Release|Any CPU
		{9BBD3586-145C-4FA0-91C5-9ED58287D753}.Release|Any CPU.Build.0 = Release|Any CPU
		{1F6E5DCF-8A2E-4E24-A25D-064362DE8D0E}.Debug|Any CPU.ActiveCfg = Debug|Any CPU
		{1F6E5DCF-8A2E-4E24-A25D-064362DE8D0E}.Debug|Any CPU.Build.0 = Debug|Any CPU
		{1F6E5DCF-8A2E-4E24-A25D-064362DE8D0E}.Release|Any CPU.ActiveCfg = Release|Any CPU
		{1F6E5DCF-8A2E-4E24-A25D-064362DE8D0E}.Release|Any CPU.Build.0 = Release|Any CPU
		{AC153C67-EF18-47E6-A230-F0D3CF5F0A98}.Debug|Any CPU.ActiveCfg = Debug|Any CPU
		{AC153C67-EF18-47E6-A230-F0D3CF5F0A98}.Debug|Any CPU.Build.0 = Debug|Any CPU
		{AC153C67-EF18-47E6-A230-F0D3CF5F0A98}.Release|Any CPU.ActiveCfg = Release|Any CPU
		{AC153C67-EF18-47E6-A230-F0D3CF5F0A98}.Release|Any CPU.Build.0 = Release|Any CPU
		{6045E23D-669C-4F27-AF8E-8EEE6DB3557F}.Debug|Any CPU.ActiveCfg = Debug|Any CPU
		{6045E23D-669C-4F27-AF8E-8EEE6DB3557F}.Debug|Any CPU.Build.0 = Debug|Any CPU
		{6045E23D-669C-4F27-AF8E-8EEE6DB3557F}.Release|Any CPU.ActiveCfg = Release|Any CPU
		{6045E23D-669C-4F27-AF8E-8EEE6DB3557F}.Release|Any CPU.Build.0 = Release|Any CPU
		{E9FEFCC2-4BA1-4356-9CEF-2681A072BB4B}.Debug|Any CPU.ActiveCfg = Debug|Any CPU
		{E9FEFCC2-4BA1-4356-9CEF-2681A072BB4B}.Debug|Any CPU.Build.0 = Debug|Any CPU
		{E9FEFCC2-4BA1-4356-9CEF-2681A072BB4B}.Release|Any CPU.ActiveCfg = Release|Any CPU
		{E9FEFCC2-4BA1-4356-9CEF-2681A072BB4B}.Release|Any CPU.Build.0 = Release|Any CPU
		{D8D646FB-6630-4AF3-A64C-5433AE37E771}.Debug|Any CPU.ActiveCfg = Debug|Any CPU
		{D8D646FB-6630-4AF3-A64C-5433AE37E771}.Debug|Any CPU.Build.0 = Debug|Any CPU
		{D8D646FB-6630-4AF3-A64C-5433AE37E771}.Release|Any CPU.ActiveCfg = Release|Any CPU
		{D8D646FB-6630-4AF3-A64C-5433AE37E771}.Release|Any CPU.Build.0 = Release|Any CPU
		{783810FA-2A37-4828-A5D2-3F36FB613E54}.Debug|Any CPU.ActiveCfg = Debug|Any CPU
		{783810FA-2A37-4828-A5D2-3F36FB613E54}.Debug|Any CPU.Build.0 = Debug|Any CPU
		{783810FA-2A37-4828-A5D2-3F36FB613E54}.Release|Any CPU.ActiveCfg = Release|Any CPU
		{783810FA-2A37-4828-A5D2-3F36FB613E54}.Release|Any CPU.Build.0 = Release|Any CPU
		{7EB93B70-66D6-4C8B-99D4-FC05AB0CCBF8}.Debug|Any CPU.ActiveCfg = Debug|Any CPU
		{7EB93B70-66D6-4C8B-99D4-FC05AB0CCBF8}.Debug|Any CPU.Build.0 = Debug|Any CPU
		{7EB93B70-66D6-4C8B-99D4-FC05AB0CCBF8}.Release|Any CPU.ActiveCfg = Release|Any CPU
		{7EB93B70-66D6-4C8B-99D4-FC05AB0CCBF8}.Release|Any CPU.Build.0 = Release|Any CPU
		{1C646BFD-7748-4089-9025-B05D5F89134B}.Debug|Any CPU.ActiveCfg = Debug|Any CPU
		{1C646BFD-7748-4089-9025-B05D5F89134B}.Debug|Any CPU.Build.0 = Debug|Any CPU
		{1C646BFD-7748-4089-9025-B05D5F89134B}.Release|Any CPU.ActiveCfg = Release|Any CPU
		{1C646BFD-7748-4089-9025-B05D5F89134B}.Release|Any CPU.Build.0 = Release|Any CPU
		{34FBA32F-79B2-4052-954A-605CAD85D1EF}.Debug|Any CPU.ActiveCfg = Debug|Any CPU
		{34FBA32F-79B2-4052-954A-605CAD85D1EF}.Debug|Any CPU.Build.0 = Debug|Any CPU
		{34FBA32F-79B2-4052-954A-605CAD85D1EF}.Release|Any CPU.ActiveCfg = Release|Any CPU
		{34FBA32F-79B2-4052-954A-605CAD85D1EF}.Release|Any CPU.Build.0 = Release|Any CPU
		{D4E03B67-075D-4073-8870-F1CEFF5E7B5E}.Debug|Any CPU.ActiveCfg = Debug|Any CPU
		{D4E03B67-075D-4073-8870-F1CEFF5E7B5E}.Debug|Any CPU.Build.0 = Debug|Any CPU
		{D4E03B67-075D-4073-8870-F1CEFF5E7B5E}.Release|Any CPU.ActiveCfg = Release|Any CPU
		{D4E03B67-075D-4073-8870-F1CEFF5E7B5E}.Release|Any CPU.Build.0 = Release|Any CPU
		{99AD9A33-BA04-47FA-AE30-C5CC8A0735F5}.Debug|Any CPU.ActiveCfg = Debug|Any CPU
		{99AD9A33-BA04-47FA-AE30-C5CC8A0735F5}.Debug|Any CPU.Build.0 = Debug|Any CPU
		{99AD9A33-BA04-47FA-AE30-C5CC8A0735F5}.Release|Any CPU.ActiveCfg = Release|Any CPU
		{99AD9A33-BA04-47FA-AE30-C5CC8A0735F5}.Release|Any CPU.Build.0 = Release|Any CPU
		{9E358EE7-E82A-43DD-9D6A-68A6753DDBCB}.Debug|Any CPU.ActiveCfg = Debug|Any CPU
		{9E358EE7-E82A-43DD-9D6A-68A6753DDBCB}.Debug|Any CPU.Build.0 = Debug|Any CPU
		{9E358EE7-E82A-43DD-9D6A-68A6753DDBCB}.Release|Any CPU.ActiveCfg = Release|Any CPU
		{9E358EE7-E82A-43DD-9D6A-68A6753DDBCB}.Release|Any CPU.Build.0 = Release|Any CPU
		{A696D706-8158-4231-8600-D8F65B5CF2BD}.Debug|Any CPU.ActiveCfg = Debug|Any CPU
		{A696D706-8158-4231-8600-D8F65B5CF2BD}.Debug|Any CPU.Build.0 = Debug|Any CPU
		{A696D706-8158-4231-8600-D8F65B5CF2BD}.Release|Any CPU.ActiveCfg = Release|Any CPU
		{A696D706-8158-4231-8600-D8F65B5CF2BD}.Release|Any CPU.Build.0 = Release|Any CPU
		{A9D55F15-32B1-488E-97A3-A24D0B43AE2E}.Debug|Any CPU.ActiveCfg = Debug|Any CPU
		{A9D55F15-32B1-488E-97A3-A24D0B43AE2E}.Debug|Any CPU.Build.0 = Debug|Any CPU
		{A9D55F15-32B1-488E-97A3-A24D0B43AE2E}.Release|Any CPU.ActiveCfg = Release|Any CPU
		{A9D55F15-32B1-488E-97A3-A24D0B43AE2E}.Release|Any CPU.Build.0 = Release|Any CPU
		{527BD5B2-362D-4C0B-B296-C6B40DD5A964}.Debug|Any CPU.ActiveCfg = Debug|Any CPU
		{527BD5B2-362D-4C0B-B296-C6B40DD5A964}.Debug|Any CPU.Build.0 = Debug|Any CPU
		{527BD5B2-362D-4C0B-B296-C6B40DD5A964}.Release|Any CPU.ActiveCfg = Release|Any CPU
		{527BD5B2-362D-4C0B-B296-C6B40DD5A964}.Release|Any CPU.Build.0 = Release|Any CPU
		{5CA3F76B-47BE-42AC-91CB-63466040B0DD}.Debug|Any CPU.ActiveCfg = Debug|Any CPU
		{5CA3F76B-47BE-42AC-91CB-63466040B0DD}.Debug|Any CPU.Build.0 = Debug|Any CPU
		{5CA3F76B-47BE-42AC-91CB-63466040B0DD}.Release|Any CPU.ActiveCfg = Release|Any CPU
		{5CA3F76B-47BE-42AC-91CB-63466040B0DD}.Release|Any CPU.Build.0 = Release|Any CPU
		{99AD7628-7CAF-40B2-B592-ED0C32C08C49}.Debug|Any CPU.ActiveCfg = Debug|Any CPU
		{99AD7628-7CAF-40B2-B592-ED0C32C08C49}.Debug|Any CPU.Build.0 = Debug|Any CPU
		{99AD7628-7CAF-40B2-B592-ED0C32C08C49}.Release|Any CPU.ActiveCfg = Release|Any CPU
		{99AD7628-7CAF-40B2-B592-ED0C32C08C49}.Release|Any CPU.Build.0 = Release|Any CPU
		{016304E8-0056-436B-998E-5BDFD1BC8724}.Debug|Any CPU.ActiveCfg = Debug|Any CPU
		{016304E8-0056-436B-998E-5BDFD1BC8724}.Debug|Any CPU.Build.0 = Debug|Any CPU
		{016304E8-0056-436B-998E-5BDFD1BC8724}.Release|Any CPU.ActiveCfg = Release|Any CPU
		{016304E8-0056-436B-998E-5BDFD1BC8724}.Release|Any CPU.Build.0 = Release|Any CPU
	EndGlobalSection
	GlobalSection(SolutionProperties) = preSolution
		HideSolutionNode = FALSE
	EndGlobalSection
	GlobalSection(NestedProjects) = preSolution
		{D6DF4206-0DBA-41D8-884D-C3E08290FDBB} = {5CFB79B7-C9DC-45A4-9A75-625D92471702}
		{54E84F1A-E525-4443-96EC-039CBD50C263} = {5B401523-36DA-4491-B73A-7590A26E420B}
		{F8C224FE-36BE-45F5-9B0E-666D8F4A9B52} = {5B401523-36DA-4491-B73A-7590A26E420B}
		{02BBF4C5-517E-4157-8D21-4B8B9E118B7A} = {5B401523-36DA-4491-B73A-7590A26E420B}
		{106B49E6-95F6-4A7B-B81C-96BFA74AF035} = {5B401523-36DA-4491-B73A-7590A26E420B}
		{D4575572-99CA-4530-8737-C296EDA326F8} = {5B401523-36DA-4491-B73A-7590A26E420B}
		{F69CEF43-27D2-4940-A47A-FCA879E371BC} = {5CFB79B7-C9DC-45A4-9A75-625D92471702}
		{EB9F438F-062E-499F-B6EA-4412BEF6D74C} = {5CFB79B7-C9DC-45A4-9A75-625D92471702}
		{02F5AE4D-9C36-4E58-B7C6-012CBBDEFDE0} = {5CFB79B7-C9DC-45A4-9A75-625D92471702}
		{9BBD3586-145C-4FA0-91C5-9ED58287D753} = {5CFB79B7-C9DC-45A4-9A75-625D92471702}
		{1F6E5DCF-8A2E-4E24-A25D-064362DE8D0E} = {5CFB79B7-C9DC-45A4-9A75-625D92471702}
		{AC153C67-EF18-47E6-A230-F0D3CF5F0A98} = {5CFB79B7-C9DC-45A4-9A75-625D92471702}
		{6045E23D-669C-4F27-AF8E-8EEE6DB3557F} = {5CFB79B7-C9DC-45A4-9A75-625D92471702}
		{E9FEFCC2-4BA1-4356-9CEF-2681A072BB4B} = {5B401523-36DA-4491-B73A-7590A26E420B}
		{D8D646FB-6630-4AF3-A64C-5433AE37E771} = {5B401523-36DA-4491-B73A-7590A26E420B}
		{783810FA-2A37-4828-A5D2-3F36FB613E54} = {5B401523-36DA-4491-B73A-7590A26E420B}
		{7EB93B70-66D6-4C8B-99D4-FC05AB0CCBF8} = {5B401523-36DA-4491-B73A-7590A26E420B}
		{1C646BFD-7748-4089-9025-B05D5F89134B} = {5B401523-36DA-4491-B73A-7590A26E420B}
		{34FBA32F-79B2-4052-954A-605CAD85D1EF} = {5B401523-36DA-4491-B73A-7590A26E420B}
		{D4E03B67-075D-4073-8870-F1CEFF5E7B5E} = {5B401523-36DA-4491-B73A-7590A26E420B}
		{99AD9A33-BA04-47FA-AE30-C5CC8A0735F5} = {5B401523-36DA-4491-B73A-7590A26E420B}
		{9E358EE7-E82A-43DD-9D6A-68A6753DDBCB} = {5B401523-36DA-4491-B73A-7590A26E420B}
		{A696D706-8158-4231-8600-D8F65B5CF2BD} = {5B401523-36DA-4491-B73A-7590A26E420B}
		{A9D55F15-32B1-488E-97A3-A24D0B43AE2E} = {5B401523-36DA-4491-B73A-7590A26E420B}
		{527BD5B2-362D-4C0B-B296-C6B40DD5A964} = {5B401523-36DA-4491-B73A-7590A26E420B}
		{5CA3F76B-47BE-42AC-91CB-63466040B0DD} = {5B401523-36DA-4491-B73A-7590A26E420B}
		{99AD7628-7CAF-40B2-B592-ED0C32C08C49} = {5B401523-36DA-4491-B73A-7590A26E420B}
		{016304E8-0056-436B-998E-5BDFD1BC8724} = {5B401523-36DA-4491-B73A-7590A26E420B}
	EndGlobalSection
	GlobalSection(ExtensibilityGlobals) = postSolution
		SolutionGuid = {21476EFF-778A-4F97-8A56-D1AF1CEC0C48}
	EndGlobalSection
EndGlobal
