{
  "version": 1,
  "dependencies": {
    "net10.0": {
      "Steeltoe.Discovery.ClientCore": {
        "type": "Direct",
        "requested": "[3.3.0, )",
        "resolved": "3.3.0",
        "contentHash": "QsmXGfgjTPdj/GW4X51U7q1im5maOpMBe6sbuzMiqXCy890XS4j5jIFtXkNZRGzXm1IW0NuDe9+iwS7HnrRp2g==",
        "dependencies": {
          "Steeltoe.Discovery.ClientBase": "3.3.0"
        }
      },
      "System.Text.Json": {
        "type": "Direct",
        "requested": "[10.0.7, )",
        "resolved": "10.0.7",
        "contentHash": "F8Pu2QLUMeniVbtiyk7n7LCfFYxlcJ8ASaSwglJyq6dxa34iCQrikQszsgJClIJWuSWjcyhKkV7daAzYJqeVwA=="
      },
      "Steeltoe.Common": {
        "type": "Transitive",
        "resolved": "3.3.0",
        "contentHash": "hwTApMg/TnX1imTvGRbhth8dHe3AUWD/MxKXK0kqEE84mEPjK4IDHJiV38Mx4+mH13x6xbipeCKte+KdadaqLQ==",
        "dependencies": {
          "Steeltoe.Common.Abstractions": "3.3.0",
          "System.Reflection.MetadataLoadContext": "4.6.0"
        }
      },
      "Steeltoe.Common.Abstractions": {
        "type": "Transitive",
        "resolved": "3.3.0",
        "contentHash": "86nxnq4Wd6MQFz8ZSfYwvgg8RocfmZAOGxS8sHCspB2pTkmMsqdQBhpI3yufZBYXxqt48EIXuzBqZCSAr1ggJg=="
      },
      "Steeltoe.Common.Http": {
        "type": "Transitive",
        "resolved": "3.3.0",
        "contentHash": "KuEKWfx2yubvbVzq5c/1rTBusL/FvLXA2w93jBfi5KQn1D0F9c6R03wLgpMFM46j0KxGZF5iKxm00g/8GHETlQ==",
        "dependencies": {
          "Steeltoe.Common": "3.3.0",
          "Steeltoe.Discovery.Abstractions": "3.3.0"
        }
      },
      "Steeltoe.Connector.Abstractions": {
        "type": "Transitive",
        "resolved": "3.3.0",
        "contentHash": "35thB2pyX5nY9RFFDlRwmyee/qYA5OgPr6YkhmDnjCA515VLz6uV/74CHwi4urBbmfP1LX74XnrDyZhxMYQDHg==",
        "dependencies": {
          "Steeltoe.Common.Abstractions": "3.3.0",
          "Steeltoe.Extensions.Configuration.Abstractions": "3.3.0"
        }
      },
      "Steeltoe.Connector.ConnectorBase": {
        "type": "Transitive",
        "resolved": "3.3.0",
        "contentHash": "tMSiExMaHuI6+wmZ/XoIrnYNY1qWwqCCPTk5Zvuu9b2FbdNNNd/Awpq34r70V/2bYswxUwXRgcOAESyfRn+e+w==",
        "dependencies": {
          "Steeltoe.Common": "3.3.0",
          "Steeltoe.Connector.Abstractions": "3.3.0"
        }
      },
      "Steeltoe.Discovery.Abstractions": {
        "type": "Transitive",
        "resolved": "3.3.0",
        "contentHash": "4cqyNvuzPo/Obr3bkEn/d6yntSkPJa5iuaR5Htu1O70iRQU2MFa1UOLDKBl/u3G4L0FU27EHqY49GHyS+0czMA==",
        "dependencies": {
          "Steeltoe.Common.Abstractions": "3.3.0"
        }
      },
      "Steeltoe.Discovery.ClientBase": {
        "type": "Transitive",
        "resolved": "3.3.0",
        "contentHash": "yZzshF4tuzD2ge4kA/drUN6MdjfafVcJen83ohrcsP6jiLaNweabPR5WTjK9dfVMyot8t2FjsLMXKcYx/NnsFw==",
        "dependencies": {
          "Steeltoe.Common.Http": "3.3.0",
          "Steeltoe.Connector.ConnectorBase": "3.3.0",
          "Steeltoe.Discovery.Abstractions": "3.3.0"
        }
      },
      "Steeltoe.Extensions.Configuration.Abstractions": {
        "type": "Transitive",
        "resolved": "3.3.0",
        "contentHash": "8hMFGX21iAt+OibwFMr8LKnB6zSS372cOMz4A2X4K4dDsKjISZYwaXWoEzDmxuZn6HHywsQhIhR4//2bUPhsFA==",
        "dependencies": {
          "Steeltoe.Common.Abstractions": "3.3.0"
        }
      },
      "System.Reflection.MetadataLoadContext": {
        "type": "Transitive",
        "resolved": "4.6.0",
        "contentHash": "TezS9fEP9kzL5U6GYHZY6I/tqz6qiHKNgAzuT6JJXJXuP+wWvNLN03gPxBK2uLP0LrLg/QXEAF++lxBNBSYILA=="
      },
      "ocelot.samples.web": {
        "type": "Project"
      }
    },
    "net8.0": {
      "Steeltoe.Discovery.ClientCore": {
        "type": "Direct",
        "requested": "[3.3.0, )",
        "resolved": "3.3.0",
        "contentHash": "QsmXGfgjTPdj/GW4X51U7q1im5maOpMBe6sbuzMiqXCy890XS4j5jIFtXkNZRGzXm1IW0NuDe9+iwS7HnrRp2g==",
        "dependencies": {
          "Steeltoe.Discovery.ClientBase": "3.3.0"
        }
      },
      "System.Text.Json": {
        "type": "Direct",
        "requested": "[10.0.7, )",
        "resolved": "10.0.7",
        "contentHash": "F8Pu2QLUMeniVbtiyk7n7LCfFYxlcJ8ASaSwglJyq6dxa34iCQrikQszsgJClIJWuSWjcyhKkV7daAzYJqeVwA==",
        "dependencies": {
          "System.IO.Pipelines": "10.0.7",
          "System.Text.Encodings.Web": "10.0.7"
        }
      },
      "Steeltoe.Common": {
        "type": "Transitive",
        "resolved": "3.3.0",
        "contentHash": "hwTApMg/TnX1imTvGRbhth8dHe3AUWD/MxKXK0kqEE84mEPjK4IDHJiV38Mx4+mH13x6xbipeCKte+KdadaqLQ==",
        "dependencies": {
          "Steeltoe.Common.Abstractions": "3.3.0",
          "System.Reflection.MetadataLoadContext": "4.6.0"
        }
      },
      "Steeltoe.Common.Abstractions": {
        "type": "Transitive",
        "resolved": "3.3.0",
        "contentHash": "86nxnq4Wd6MQFz8ZSfYwvgg8RocfmZAOGxS8sHCspB2pTkmMsqdQBhpI3yufZBYXxqt48EIXuzBqZCSAr1ggJg=="
      },
      "Steeltoe.Common.Http": {
        "type": "Transitive",
        "resolved": "3.3.0",
        "contentHash": "KuEKWfx2yubvbVzq5c/1rTBusL/FvLXA2w93jBfi5KQn1D0F9c6R03wLgpMFM46j0KxGZF5iKxm00g/8GHETlQ==",
        "dependencies": {
          "Steeltoe.Common": "3.3.0",
          "Steeltoe.Discovery.Abstractions": "3.3.0"
        }
      },
      "Steeltoe.Connector.Abstractions": {
        "type": "Transitive",
        "resolved": "3.3.0",
        "contentHash": "35thB2pyX5nY9RFFDlRwmyee/qYA5OgPr6YkhmDnjCA515VLz6uV/74CHwi4urBbmfP1LX74XnrDyZhxMYQDHg==",
        "dependencies": {
          "Steeltoe.Common.Abstractions": "3.3.0",
          "Steeltoe.Extensions.Configuration.Abstractions": "3.3.0"
        }
      },
      "Steeltoe.Connector.ConnectorBase": {
        "type": "Transitive",
        "resolved": "3.3.0",
        "contentHash": "tMSiExMaHuI6+wmZ/XoIrnYNY1qWwqCCPTk5Zvuu9b2FbdNNNd/Awpq34r70V/2bYswxUwXRgcOAESyfRn+e+w==",
        "dependencies": {
          "Steeltoe.Common": "3.3.0",
          "Steeltoe.Connector.Abstractions": "3.3.0"
        }
      },
      "Steeltoe.Discovery.Abstractions": {
        "type": "Transitive",
        "resolved": "3.3.0",
        "contentHash": "4cqyNvuzPo/Obr3bkEn/d6yntSkPJa5iuaR5Htu1O70iRQU2MFa1UOLDKBl/u3G4L0FU27EHqY49GHyS+0czMA==",
        "dependencies": {
          "Steeltoe.Common.Abstractions": "3.3.0"
        }
      },
      "Steeltoe.Discovery.ClientBase": {
        "type": "Transitive",
        "resolved": "3.3.0",
        "contentHash": "yZzshF4tuzD2ge4kA/drUN6MdjfafVcJen83ohrcsP6jiLaNweabPR5WTjK9dfVMyot8t2FjsLMXKcYx/NnsFw==",
        "dependencies": {
          "Steeltoe.Common.Http": "3.3.0",
          "Steeltoe.Connector.ConnectorBase": "3.3.0",
          "Steeltoe.Discovery.Abstractions": "3.3.0"
        }
      },
      "Steeltoe.Extensions.Configuration.Abstractions": {
        "type": "Transitive",
        "resolved": "3.3.0",
        "contentHash": "8hMFGX21iAt+OibwFMr8LKnB6zSS372cOMz4A2X4K4dDsKjISZYwaXWoEzDmxuZn6HHywsQhIhR4//2bUPhsFA==",
        "dependencies": {
          "Steeltoe.Common.Abstractions": "3.3.0"
        }
      },
      "System.IO.Pipelines": {
        "type": "Transitive",
        "resolved": "10.0.7",
        "contentHash": "LTxXYYKmRhPKWveYmfzuRTUnzsfY7CN+WOq6aTRgYE9vJ8BUvIWPCaSx4HxqBwXViTPSjR9cHDOVuVPuZGRR/Q=="
      },
      "System.Reflection.MetadataLoadContext": {
        "type": "Transitive",
        "resolved": "4.6.0",
        "contentHash": "TezS9fEP9kzL5U6GYHZY6I/tqz6qiHKNgAzuT6JJXJXuP+wWvNLN03gPxBK2uLP0LrLg/QXEAF++lxBNBSYILA=="
      },
      "System.Text.Encodings.Web": {
        "type": "Transitive",
        "resolved": "10.0.7",
        "contentHash": "WUH+viO8VDG8NpFKvOBwpeyKUiPOMz3kQpA6AKCD4b2NG1pBhyC4AwTb357iZmTxZDnkM4IsFnvzN8W8OKmsHg=="
      },
      "ocelot.samples.web": {
        "type": "Project"
      }
    },
    "net9.0": {
      "Steeltoe.Discovery.ClientCore": {
        "type": "Direct",
        "requested": "[3.3.0, )",
        "resolved": "3.3.0",
        "contentHash": "QsmXGfgjTPdj/GW4X51U7q1im5maOpMBe6sbuzMiqXCy890XS4j5jIFtXkNZRGzXm1IW0NuDe9+iwS7HnrRp2g==",
        "dependencies": {
          "Steeltoe.Discovery.ClientBase": "3.3.0"
        }
      },
      "System.Text.Json": {
        "type": "Direct",
        "requested": "[10.0.7, )",
        "resolved": "10.0.7",
        "contentHash": "F8Pu2QLUMeniVbtiyk7n7LCfFYxlcJ8ASaSwglJyq6dxa34iCQrikQszsgJClIJWuSWjcyhKkV7daAzYJqeVwA==",
        "dependencies": {
          "System.IO.Pipelines": "10.0.7",
          "System.Text.Encodings.Web": "10.0.7"
        }
      },
      "Steeltoe.Common": {
        "type": "Transitive",
        "resolved": "3.3.0",
        "contentHash": "hwTApMg/TnX1imTvGRbhth8dHe3AUWD/MxKXK0kqEE84mEPjK4IDHJiV38Mx4+mH13x6xbipeCKte+KdadaqLQ==",
        "dependencies": {
          "Steeltoe.Common.Abstractions": "3.3.0",
          "System.Reflection.MetadataLoadContext": "4.6.0"
        }
      },
      "Steeltoe.Common.Abstractions": {
        "type": "Transitive",
        "resolved": "3.3.0",
        "contentHash": "86nxnq4Wd6MQFz8ZSfYwvgg8RocfmZAOGxS8sHCspB2pTkmMsqdQBhpI3yufZBYXxqt48EIXuzBqZCSAr1ggJg=="
      },
      "Steeltoe.Common.Http": {
        "type": "Transitive",
        "resolved": "3.3.0",
        "contentHash": "KuEKWfx2yubvbVzq5c/1rTBusL/FvLXA2w93jBfi5KQn1D0F9c6R03wLgpMFM46j0KxGZF5iKxm00g/8GHETlQ==",
        "dependencies": {
          "Steeltoe.Common": "3.3.0",
          "Steeltoe.Discovery.Abstractions": "3.3.0"
        }
      },
      "Steeltoe.Connector.Abstractions": {
        "type": "Transitive",
        "resolved": "3.3.0",
        "contentHash": "35thB2pyX5nY9RFFDlRwmyee/qYA5OgPr6YkhmDnjCA515VLz6uV/74CHwi4urBbmfP1LX74XnrDyZhxMYQDHg==",
        "dependencies": {
          "Steeltoe.Common.Abstractions": "3.3.0",
          "Steeltoe.Extensions.Configuration.Abstractions": "3.3.0"
        }
      },
      "Steeltoe.Connector.ConnectorBase": {
        "type": "Transitive",
        "resolved": "3.3.0",
        "contentHash": "tMSiExMaHuI6+wmZ/XoIrnYNY1qWwqCCPTk5Zvuu9b2FbdNNNd/Awpq34r70V/2bYswxUwXRgcOAESyfRn+e+w==",
        "dependencies": {
          "Steeltoe.Common": "3.3.0",
          "Steeltoe.Connector.Abstractions": "3.3.0"
        }
      },
      "Steeltoe.Discovery.Abstractions": {
        "type": "Transitive",
        "resolved": "3.3.0",
        "contentHash": "4cqyNvuzPo/Obr3bkEn/d6yntSkPJa5iuaR5Htu1O70iRQU2MFa1UOLDKBl/u3G4L0FU27EHqY49GHyS+0czMA==",
        "dependencies": {
          "Steeltoe.Common.Abstractions": "3.3.0"
        }
      },
      "Steeltoe.Discovery.ClientBase": {
        "type": "Transitive",
        "resolved": "3.3.0",
        "contentHash": "yZzshF4tuzD2ge4kA/drUN6MdjfafVcJen83ohrcsP6jiLaNweabPR5WTjK9dfVMyot8t2FjsLMXKcYx/NnsFw==",
        "dependencies": {
          "Steeltoe.Common.Http": "3.3.0",
          "Steeltoe.Connector.ConnectorBase": "3.3.0",
          "Steeltoe.Discovery.Abstractions": "3.3.0"
        }
      },
      "Steeltoe.Extensions.Configuration.Abstractions": {
        "type": "Transitive",
        "resolved": "3.3.0",
        "contentHash": "8hMFGX21iAt+OibwFMr8LKnB6zSS372cOMz4A2X4K4dDsKjISZYwaXWoEzDmxuZn6HHywsQhIhR4//2bUPhsFA==",
        "dependencies": {
          "Steeltoe.Common.Abstractions": "3.3.0"
        }
      },
      "System.IO.Pipelines": {
        "type": "Transitive",
        "resolved": "10.0.7",
        "contentHash": "LTxXYYKmRhPKWveYmfzuRTUnzsfY7CN+WOq6aTRgYE9vJ8BUvIWPCaSx4HxqBwXViTPSjR9cHDOVuVPuZGRR/Q=="
      },
      "System.Reflection.MetadataLoadContext": {
        "type": "Transitive",
        "resolved": "4.6.0",
        "contentHash": "TezS9fEP9kzL5U6GYHZY6I/tqz6qiHKNgAzuT6JJXJXuP+wWvNLN03gPxBK2uLP0LrLg/QXEAF++lxBNBSYILA=="
      },
      "System.Text.Encodings.Web": {
        "type": "Transitive",
        "resolved": "10.0.7",
        "contentHash": "WUH+viO8VDG8NpFKvOBwpeyKUiPOMz3kQpA6AKCD4b2NG1pBhyC4AwTb357iZmTxZDnkM4IsFnvzN8W8OKmsHg=="
      },
      "ocelot.samples.web": {
        "type": "Project"
      }
    }
  }
}