{
  "version": 1,
  "dependencies": {
    "net10.0": {
      "FluentValidation": {
        "type": "Transitive",
        "resolved": "12.1.1",
        "contentHash": "EPpkIe1yh1a0OXyC100oOA8WMbZvqUu5plwhvYcb7oSELfyUZzfxV48BLhvs3kKo4NwG7MGLNgy1RJiYtT8Dpw=="
      },
      "IPAddressRange": {
        "type": "Transitive",
        "resolved": "6.3.0",
        "contentHash": "VrGoeUz+ZK2QiwHNj+vab9uOvTDucenRseJZjc4uB7ASduQ7RNWnpd8gy1e9z2BsY4VoigVaCRrcQCQKuQVSiw=="
      },
      "Microsoft.AspNetCore.JsonPatch": {
        "type": "Transitive",
        "resolved": "10.0.2",
        "contentHash": "AxRcJMoHvJ4NDVKiOas5Itd+uGhYcbkSqdtIWS49IQyJSwZuU4M9QCDt8anU3o4Dv5iDpkaLNWVmovH3x3E2ag==",
        "dependencies": {
          "Newtonsoft.Json": "13.0.3"
        }
      },
      "Microsoft.AspNetCore.MiddlewareAnalysis": {
        "type": "Transitive",
        "resolved": "10.0.2",
        "contentHash": "RxKXZp+tOXEcYsC32kTamRB05OkD6L7jGj25EQyqI0miJmCYMffErrJVLK9wLGOMxOfwQQcB4PDDJa6mzHZ0Vw==",
        "dependencies": {
          "Microsoft.Extensions.DependencyInjection.Abstractions": "10.0.2"
        }
      },
      "Microsoft.AspNetCore.Mvc.NewtonsoftJson": {
        "type": "Transitive",
        "resolved": "10.0.2",
        "contentHash": "ori4kONmWIJsn8PbXIBVAp/mkY5S1tfNoOKEQi5AxyKoBNA0z7UTziPgTIcCq6rRFp5pF+7OliXwOXy8CBjpxA==",
        "dependencies": {
          "Microsoft.AspNetCore.JsonPatch": "10.0.2",
          "Newtonsoft.Json": "13.0.3",
          "Newtonsoft.Json.Bson": "1.0.2"
        }
      },
      "Microsoft.Extensions.DependencyInjection.Abstractions": {
        "type": "Transitive",
        "resolved": "10.0.2",
        "contentHash": "zOIurr59+kUf9vNcsUkCvKWZv+fPosUZXURZesYkJCvl0EzTc9F7maAO4Cd2WEV7ZJJ0AZrFQvuH6Npph9wdBw=="
      },
      "Microsoft.Extensions.DiagnosticAdapter": {
        "type": "Transitive",
        "resolved": "3.1.32",
        "contentHash": "oDv3wt+Q5cmaSfOQ3Cdu6dF6sn/x5gzWdNpOq4ajBwCMWYBr6CchncDvB9pF83ORlbDuX32MsVLOPGPxW4Lx4g==",
        "dependencies": {
          "System.Diagnostics.DiagnosticSource": "4.7.1"
        }
      },
      "Newtonsoft.Json": {
        "type": "Transitive",
        "resolved": "13.0.3",
        "contentHash": "HrC5BXdl00IP9zeV+0Z848QWPAoCr9P3bDEZguI+gkLcBKAOxix/tLEAAHC+UvDNPv4a2d18lOReHMOagPa+zQ=="
      },
      "Newtonsoft.Json.Bson": {
        "type": "Transitive",
        "resolved": "1.0.2",
        "contentHash": "QYFyxhaABwmq3p/21VrZNYvCg3DaEoN/wUuw5nmfAf0X3HLjgupwhkEWdgfb9nvGAUIv3osmZoD3kKl4jxEmYQ==",
        "dependencies": {
          "Newtonsoft.Json": "12.0.1"
        }
      },
      "System.Diagnostics.DiagnosticSource": {
        "type": "Transitive",
        "resolved": "4.7.1",
        "contentHash": "j81Lovt90PDAq8kLpaJfJKV/rWdWuEk6jfV+MBkee33vzYLEUsy4gXK8laa9V2nZlLM9VM9yA/OOQxxPEJKAMw=="
      },
      "ocelot": {
        "type": "Project",
        "dependencies": {
          "FluentValidation": "[12.1.1, )",
          "IPAddressRange": "[6.3.0, )",
          "Microsoft.AspNetCore.MiddlewareAnalysis": "[10.0.2, )",
          "Microsoft.AspNetCore.Mvc.NewtonsoftJson": "[10.0.2, )",
          "Microsoft.Extensions.DiagnosticAdapter": "[3.1.32, )"
        }
      },
      "ocelot.samples.web": {
        "type": "Project"
      }
    },
    "net8.0": {
      "FluentValidation": {
        "type": "Transitive",
        "resolved": "12.1.1",
        "contentHash": "EPpkIe1yh1a0OXyC100oOA8WMbZvqUu5plwhvYcb7oSELfyUZzfxV48BLhvs3kKo4NwG7MGLNgy1RJiYtT8Dpw=="
      },
      "IPAddressRange": {
        "type": "Transitive",
        "resolved": "6.3.0",
        "contentHash": "VrGoeUz+ZK2QiwHNj+vab9uOvTDucenRseJZjc4uB7ASduQ7RNWnpd8gy1e9z2BsY4VoigVaCRrcQCQKuQVSiw=="
      },
      "Microsoft.AspNetCore.JsonPatch": {
        "type": "Transitive",
        "resolved": "8.0.23",
        "contentHash": "ZkidSx9Fsad/Yw8n8z30SeMDk7u04ZapQpGIkxGWm1Hq8+GNHL9fG+Ky0DSwr7/w7AyPzAC/KrNaDgUKeGy5aQ==",
        "dependencies": {
          "Microsoft.CSharp": "4.7.0",
          "Newtonsoft.Json": "13.0.3"
        }
      },
      "Microsoft.AspNetCore.MiddlewareAnalysis": {
        "type": "Transitive",
        "resolved": "8.0.23",
        "contentHash": "Up+0BdjZCvQMFfw6320DI4MMnZNVF7kS9UOWQasXp79K+WZMtlsgZP/PgKRO+UPTVyR9EI3ZquLw+uvSY6kXxw==",
        "dependencies": {
          "Microsoft.Extensions.DependencyInjection.Abstractions": "8.0.2"
        }
      },
      "Microsoft.AspNetCore.Mvc.NewtonsoftJson": {
        "type": "Transitive",
        "resolved": "8.0.23",
        "contentHash": "NWhDWRZ6KEQ28/Ki2RY1txSya5u5SNvPvr7w3/d/mh15hS/fnmJceS9O8GVVCjlIg1SVyvUhf/bSXy2ET2uKxQ==",
        "dependencies": {
          "Microsoft.AspNetCore.JsonPatch": "8.0.23",
          "Newtonsoft.Json": "13.0.3",
          "Newtonsoft.Json.Bson": "1.0.2"
        }
      },
      "Microsoft.CSharp": {
        "type": "Transitive",
        "resolved": "4.7.0",
        "contentHash": "pTj+D3uJWyN3My70i2Hqo+OXixq3Os2D1nJ2x92FFo6sk8fYS1m1WLNTs0Dc1uPaViH0YvEEwvzddQ7y4rhXmA=="
      },
      "Microsoft.Extensions.DependencyInjection.Abstractions": {
        "type": "Transitive",
        "resolved": "8.0.2",
        "contentHash": "3iE7UF7MQkCv1cxzCahz+Y/guQbTqieyxyaWKhrRO91itI9cOKO76OHeQDahqG4MmW5umr3CcCvGmK92lWNlbg=="
      },
      "Microsoft.Extensions.DiagnosticAdapter": {
        "type": "Transitive",
        "resolved": "3.1.32",
        "contentHash": "oDv3wt+Q5cmaSfOQ3Cdu6dF6sn/x5gzWdNpOq4ajBwCMWYBr6CchncDvB9pF83ORlbDuX32MsVLOPGPxW4Lx4g==",
        "dependencies": {
          "System.Diagnostics.DiagnosticSource": "4.7.1"
        }
      },
      "Newtonsoft.Json": {
        "type": "Transitive",
        "resolved": "13.0.3",
        "contentHash": "HrC5BXdl00IP9zeV+0Z848QWPAoCr9P3bDEZguI+gkLcBKAOxix/tLEAAHC+UvDNPv4a2d18lOReHMOagPa+zQ=="
      },
      "Newtonsoft.Json.Bson": {
        "type": "Transitive",
        "resolved": "1.0.2",
        "contentHash": "QYFyxhaABwmq3p/21VrZNYvCg3DaEoN/wUuw5nmfAf0X3HLjgupwhkEWdgfb9nvGAUIv3osmZoD3kKl4jxEmYQ==",
        "dependencies": {
          "Newtonsoft.Json": "12.0.1"
        }
      },
      "System.Diagnostics.DiagnosticSource": {
        "type": "Transitive",
        "resolved": "4.7.1",
        "contentHash": "j81Lovt90PDAq8kLpaJfJKV/rWdWuEk6jfV+MBkee33vzYLEUsy4gXK8laa9V2nZlLM9VM9yA/OOQxxPEJKAMw=="
      },
      "ocelot": {
        "type": "Project",
        "dependencies": {
          "FluentValidation": "[12.1.1, )",
          "IPAddressRange": "[6.3.0, )",
          "Microsoft.AspNetCore.MiddlewareAnalysis": "[8.0.23, )",
          "Microsoft.AspNetCore.Mvc.NewtonsoftJson": "[8.0.23, )",
          "Microsoft.Extensions.DiagnosticAdapter": "[3.1.32, )"
        }
      },
      "ocelot.samples.web": {
        "type": "Project"
      }
    },
    "net9.0": {
      "FluentValidation": {
        "type": "Transitive",
        "resolved": "12.1.1",
        "contentHash": "EPpkIe1yh1a0OXyC100oOA8WMbZvqUu5plwhvYcb7oSELfyUZzfxV48BLhvs3kKo4NwG7MGLNgy1RJiYtT8Dpw=="
      },
      "IPAddressRange": {
        "type": "Transitive",
        "resolved": "6.3.0",
        "contentHash": "VrGoeUz+ZK2QiwHNj+vab9uOvTDucenRseJZjc4uB7ASduQ7RNWnpd8gy1e9z2BsY4VoigVaCRrcQCQKuQVSiw=="
      },
      "Microsoft.AspNetCore.JsonPatch": {
        "type": "Transitive",
        "resolved": "9.0.12",
        "contentHash": "yuZyzPS1KaqB+Mob+Q86WNOPy9in9a+WKBPqlG4e0+VR01ZlVTi+uhlCI4+UKy82IYD4Vvm1PQv7LF1ng+c4Ww==",
        "dependencies": {
          "Microsoft.CSharp": "4.7.0",
          "Newtonsoft.Json": "13.0.3"
        }
      },
      "Microsoft.AspNetCore.MiddlewareAnalysis": {
        "type": "Transitive",
        "resolved": "9.0.12",
        "contentHash": "SBOwubPfUDZnvqFLZspHuh9S+M+PA75lI7opKOh4Kkw4C/UviK1swvm0Jo6YcJpYJcqE276SNO59QPJrMUmOuQ==",
        "dependencies": {
          "Microsoft.Extensions.DependencyInjection.Abstractions": "9.0.12"
        }
      },
      "Microsoft.AspNetCore.Mvc.NewtonsoftJson": {
        "type": "Transitive",
        "resolved": "9.0.12",
        "contentHash": "ah+IHsELhTYSRXnt5HJSAjISXOz/Utyp974ghVAx/Dy1QKhc7djYbuVukUqCnhK+WgLxmHaxmu800va6ZEWK0A==",
        "dependencies": {
          "Microsoft.AspNetCore.JsonPatch": "9.0.12",
          "Newtonsoft.Json": "13.0.3",
          "Newtonsoft.Json.Bson": "1.0.2"
        }
      },
      "Microsoft.CSharp": {
        "type": "Transitive",
        "resolved": "4.7.0",
        "contentHash": "pTj+D3uJWyN3My70i2Hqo+OXixq3Os2D1nJ2x92FFo6sk8fYS1m1WLNTs0Dc1uPaViH0YvEEwvzddQ7y4rhXmA=="
      },
      "Microsoft.Extensions.DependencyInjection.Abstractions": {
        "type": "Transitive",
        "resolved": "9.0.12",
        "contentHash": "giBjLNJewLe2baQBmLp+8/HSm05WBA//Pd8G5of5G1qrT8a+KLg6mYE6k7w9GFLjYG8ckKyTC9u2yoA0b0J8kg=="
      },
      "Microsoft.Extensions.DiagnosticAdapter": {
        "type": "Transitive",
        "resolved": "3.1.32",
        "contentHash": "oDv3wt+Q5cmaSfOQ3Cdu6dF6sn/x5gzWdNpOq4ajBwCMWYBr6CchncDvB9pF83ORlbDuX32MsVLOPGPxW4Lx4g==",
        "dependencies": {
          "System.Diagnostics.DiagnosticSource": "4.7.1"
        }
      },
      "Newtonsoft.Json": {
        "type": "Transitive",
        "resolved": "13.0.3",
        "contentHash": "HrC5BXdl00IP9zeV+0Z848QWPAoCr9P3bDEZguI+gkLcBKAOxix/tLEAAHC+UvDNPv4a2d18lOReHMOagPa+zQ=="
      },
      "Newtonsoft.Json.Bson": {
        "type": "Transitive",
        "resolved": "1.0.2",
        "contentHash": "QYFyxhaABwmq3p/21VrZNYvCg3DaEoN/wUuw5nmfAf0X3HLjgupwhkEWdgfb9nvGAUIv3osmZoD3kKl4jxEmYQ==",
        "dependencies": {
          "Newtonsoft.Json": "12.0.1"
        }
      },
      "System.Diagnostics.DiagnosticSource": {
        "type": "Transitive",
        "resolved": "4.7.1",
        "contentHash": "j81Lovt90PDAq8kLpaJfJKV/rWdWuEk6jfV+MBkee33vzYLEUsy4gXK8laa9V2nZlLM9VM9yA/OOQxxPEJKAMw=="
      },
      "ocelot": {
        "type": "Project",
        "dependencies": {
          "FluentValidation": "[12.1.1, )",
          "IPAddressRange": "[6.3.0, )",
          "Microsoft.AspNetCore.MiddlewareAnalysis": "[9.0.12, )",
          "Microsoft.AspNetCore.Mvc.NewtonsoftJson": "[9.0.12, )",
          "Microsoft.Extensions.DiagnosticAdapter": "[3.1.32, )"
        }
      },
      "ocelot.samples.web": {
        "type": "Project"
      }
    }
  }
}