{
  "version": 1,
  "dependencies": {
    "net10.0": {
      "FluentValidation": {
        "type": "Transitive",
        "resolved": "12.1.1",
        "contentHash": "EPpkIe1yh1a0OXyC100oOA8WMbZvqUu5plwhvYcb7oSELfyUZzfxV48BLhvs3kKo4NwG7MGLNgy1RJiYtT8Dpw=="
      },
      "IPAddressRange": {
        "type": "Transitive",
        "resolved": "6.3.0",
        "contentHash": "VrGoeUz+ZK2QiwHNj+vab9uOvTDucenRseJZjc4uB7ASduQ7RNWnpd8gy1e9z2BsY4VoigVaCRrcQCQKuQVSiw=="
      },
      "Microsoft.AspNetCore.JsonPatch": {
        "type": "Transitive",
        "resolved": "10.0.8",
        "contentHash": "xGMQwR06DxQSpSUdYvUPLQkjcQUAXnFIUbNoafAcLvUXDnmKNEuddxKvrGoWDT7svt90wWet2Xve5uacO/pVtw==",
        "dependencies": {
          "Newtonsoft.Json": "13.0.3"
        }
      },
      "Microsoft.AspNetCore.MiddlewareAnalysis": {
        "type": "Transitive",
        "resolved": "10.0.8",
        "contentHash": "bY1KNC61HmUibu9k/1KyGDrc8RdAgdrRcn5GauwhEL0D7BOswCaSzo+Q1DWch6TyokZEpExVReZsWtPvF1cDwg=="
      },
      "Microsoft.AspNetCore.Mvc.NewtonsoftJson": {
        "type": "Transitive",
        "resolved": "10.0.8",
        "contentHash": "LAZmDrEsExc11l7nyQ+efQHTKp4MOskAuPSgkW64LoxrJv2YnElc4IM1VGfIHNRspqVguO5TY5kz2YTRcNSHeQ==",
        "dependencies": {
          "Microsoft.AspNetCore.JsonPatch": "10.0.8",
          "Newtonsoft.Json": "13.0.3",
          "Newtonsoft.Json.Bson": "1.0.2"
        }
      },
      "Microsoft.Extensions.DiagnosticAdapter": {
        "type": "Transitive",
        "resolved": "3.1.32",
        "contentHash": "oDv3wt+Q5cmaSfOQ3Cdu6dF6sn/x5gzWdNpOq4ajBwCMWYBr6CchncDvB9pF83ORlbDuX32MsVLOPGPxW4Lx4g=="
      },
      "Newtonsoft.Json": {
        "type": "Transitive",
        "resolved": "13.0.3",
        "contentHash": "HrC5BXdl00IP9zeV+0Z848QWPAoCr9P3bDEZguI+gkLcBKAOxix/tLEAAHC+UvDNPv4a2d18lOReHMOagPa+zQ=="
      },
      "Newtonsoft.Json.Bson": {
        "type": "Transitive",
        "resolved": "1.0.2",
        "contentHash": "QYFyxhaABwmq3p/21VrZNYvCg3DaEoN/wUuw5nmfAf0X3HLjgupwhkEWdgfb9nvGAUIv3osmZoD3kKl4jxEmYQ==",
        "dependencies": {
          "Newtonsoft.Json": "12.0.1"
        }
      },
      "ocelot": {
        "type": "Project",
        "dependencies": {
          "FluentValidation": "[12.1.1, )",
          "IPAddressRange": "[6.3.0, )",
          "Microsoft.AspNetCore.MiddlewareAnalysis": "[10.0.8, )",
          "Microsoft.AspNetCore.Mvc.NewtonsoftJson": "[10.0.8, )",
          "Microsoft.Extensions.DiagnosticAdapter": "[3.1.32, )"
        }
      },
      "ocelot.samples.web": {
        "type": "Project"
      }
    },
    "net8.0": {
      "FluentValidation": {
        "type": "Transitive",
        "resolved": "12.1.1",
        "contentHash": "EPpkIe1yh1a0OXyC100oOA8WMbZvqUu5plwhvYcb7oSELfyUZzfxV48BLhvs3kKo4NwG7MGLNgy1RJiYtT8Dpw=="
      },
      "IPAddressRange": {
        "type": "Transitive",
        "resolved": "6.3.0",
        "contentHash": "VrGoeUz+ZK2QiwHNj+vab9uOvTDucenRseJZjc4uB7ASduQ7RNWnpd8gy1e9z2BsY4VoigVaCRrcQCQKuQVSiw=="
      },
      "Microsoft.AspNetCore.JsonPatch": {
        "type": "Transitive",
        "resolved": "8.0.27",
        "contentHash": "5XKQsrL+QQOg7+ptHxUr81yer1HaG2SEloi+Hg3ugFOGsUdWEQsu5l70+Ngb/K6ArLjpPDBzr1G849v7L3OD4w==",
        "dependencies": {
          "Newtonsoft.Json": "13.0.3"
        }
      },
      "Microsoft.AspNetCore.MiddlewareAnalysis": {
        "type": "Transitive",
        "resolved": "8.0.27",
        "contentHash": "IS0BgZKuCod8s5mS6wNSPTUh3rNj9UPoump64B2+xAHD2kP8QcIuhBBTGEyB28iouKXCAxunAms1qMawH9nfyg=="
      },
      "Microsoft.AspNetCore.Mvc.NewtonsoftJson": {
        "type": "Transitive",
        "resolved": "8.0.27",
        "contentHash": "OetnlefI1WPfMDsJ5LzaVfCwZDCIkMACVUYkC+F6UxyuNYMwaKjfCgWMzpvi4UfqQFXpFGrQ/5RzPwGLf7P7qQ==",
        "dependencies": {
          "Microsoft.AspNetCore.JsonPatch": "8.0.27",
          "Newtonsoft.Json": "13.0.3",
          "Newtonsoft.Json.Bson": "1.0.2"
        }
      },
      "Microsoft.Extensions.DiagnosticAdapter": {
        "type": "Transitive",
        "resolved": "3.1.32",
        "contentHash": "oDv3wt+Q5cmaSfOQ3Cdu6dF6sn/x5gzWdNpOq4ajBwCMWYBr6CchncDvB9pF83ORlbDuX32MsVLOPGPxW4Lx4g=="
      },
      "Newtonsoft.Json": {
        "type": "Transitive",
        "resolved": "13.0.3",
        "contentHash": "HrC5BXdl00IP9zeV+0Z848QWPAoCr9P3bDEZguI+gkLcBKAOxix/tLEAAHC+UvDNPv4a2d18lOReHMOagPa+zQ=="
      },
      "Newtonsoft.Json.Bson": {
        "type": "Transitive",
        "resolved": "1.0.2",
        "contentHash": "QYFyxhaABwmq3p/21VrZNYvCg3DaEoN/wUuw5nmfAf0X3HLjgupwhkEWdgfb9nvGAUIv3osmZoD3kKl4jxEmYQ==",
        "dependencies": {
          "Newtonsoft.Json": "12.0.1"
        }
      },
      "ocelot": {
        "type": "Project",
        "dependencies": {
          "FluentValidation": "[12.1.1, )",
          "IPAddressRange": "[6.3.0, )",
          "Microsoft.AspNetCore.MiddlewareAnalysis": "[8.0.27, )",
          "Microsoft.AspNetCore.Mvc.NewtonsoftJson": "[8.0.27, )",
          "Microsoft.Extensions.DiagnosticAdapter": "[3.1.32, )"
        }
      },
      "ocelot.samples.web": {
        "type": "Project"
      }
    },
    "net9.0": {
      "FluentValidation": {
        "type": "Transitive",
        "resolved": "12.1.1",
        "contentHash": "EPpkIe1yh1a0OXyC100oOA8WMbZvqUu5plwhvYcb7oSELfyUZzfxV48BLhvs3kKo4NwG7MGLNgy1RJiYtT8Dpw=="
      },
      "IPAddressRange": {
        "type": "Transitive",
        "resolved": "6.3.0",
        "contentHash": "VrGoeUz+ZK2QiwHNj+vab9uOvTDucenRseJZjc4uB7ASduQ7RNWnpd8gy1e9z2BsY4VoigVaCRrcQCQKuQVSiw=="
      },
      "Microsoft.AspNetCore.JsonPatch": {
        "type": "Transitive",
        "resolved": "9.0.16",
        "contentHash": "SSoUYqlzHk/c7yIg+373TnZRQ/AEbOJn7KCOyz0KrslR+Nj9SX0biBuhqu2TBNM2A/8QJtL5wWr7kEq9SHJ2eA==",
        "dependencies": {
          "Newtonsoft.Json": "13.0.3"
        }
      },
      "Microsoft.AspNetCore.MiddlewareAnalysis": {
        "type": "Transitive",
        "resolved": "9.0.16",
        "contentHash": "NQYeYA5cgzz5qIbJH4riPlgX9Q/MgWRaGUDofLR2zjR3JLBVcWM3EF3HMSj3QDQZOian+Ok6kDE4x/W8QKsvHw=="
      },
      "Microsoft.AspNetCore.Mvc.NewtonsoftJson": {
        "type": "Transitive",
        "resolved": "9.0.16",
        "contentHash": "ZmVOJDmKDqkMaMN9z17MPOxok3WGS/c8uBEKYwtQvElvyFm3zV8w4gURi9EMpdmyRU/h471wPi5kkehWwUpnCw==",
        "dependencies": {
          "Microsoft.AspNetCore.JsonPatch": "9.0.16",
          "Newtonsoft.Json": "13.0.3",
          "Newtonsoft.Json.Bson": "1.0.2"
        }
      },
      "Microsoft.Extensions.DiagnosticAdapter": {
        "type": "Transitive",
        "resolved": "3.1.32",
        "contentHash": "oDv3wt+Q5cmaSfOQ3Cdu6dF6sn/x5gzWdNpOq4ajBwCMWYBr6CchncDvB9pF83ORlbDuX32MsVLOPGPxW4Lx4g=="
      },
      "Newtonsoft.Json": {
        "type": "Transitive",
        "resolved": "13.0.3",
        "contentHash": "HrC5BXdl00IP9zeV+0Z848QWPAoCr9P3bDEZguI+gkLcBKAOxix/tLEAAHC+UvDNPv4a2d18lOReHMOagPa+zQ=="
      },
      "Newtonsoft.Json.Bson": {
        "type": "Transitive",
        "resolved": "1.0.2",
        "contentHash": "QYFyxhaABwmq3p/21VrZNYvCg3DaEoN/wUuw5nmfAf0X3HLjgupwhkEWdgfb9nvGAUIv3osmZoD3kKl4jxEmYQ==",
        "dependencies": {
          "Newtonsoft.Json": "12.0.1"
        }
      },
      "ocelot": {
        "type": "Project",
        "dependencies": {
          "FluentValidation": "[12.1.1, )",
          "IPAddressRange": "[6.3.0, )",
          "Microsoft.AspNetCore.MiddlewareAnalysis": "[9.0.16, )",
          "Microsoft.AspNetCore.Mvc.NewtonsoftJson": "[9.0.16, )",
          "Microsoft.Extensions.DiagnosticAdapter": "[3.1.32, )"
        }
      },
      "ocelot.samples.web": {
        "type": "Project"
      }
    }
  }
}