{
  "version": 1,
  "dependencies": {
    "net10.0": {
      "GraphQL": {
        "type": "Direct",
        "requested": "[8.8.4, )",
        "resolved": "8.8.4",
        "contentHash": "Ey/3R5ydkfriUG6PXiZPdeGkyLADQ/wZMgDBtHto5ZvSv+PtzpOD8YX0WAFvW3SA7Ldvwzw5S3RVBSB97imANA==",
        "dependencies": {
          "GraphQL-Parser": "9.5.0",
          "GraphQL.Analyzers": "8.8.4"
        }
      },
      "GraphQL.NewtonsoftJson": {
        "type": "Direct",
        "requested": "[8.8.4, )",
        "resolved": "8.8.4",
        "contentHash": "Y3ZN5RpVEM43g4U36fVMkBBETWxjCaffVlJ1CqLPBWqmL7PF/IXKt1lQCvWXDY6AysAbiPaLk5hy/zbP3hvEWw==",
        "dependencies": {
          "GraphQL": "[8.8.4, 9.0.0)",
          "Newtonsoft.Json": "13.0.3"
        }
      },
      "FluentValidation": {
        "type": "Transitive",
        "resolved": "12.1.1",
        "contentHash": "EPpkIe1yh1a0OXyC100oOA8WMbZvqUu5plwhvYcb7oSELfyUZzfxV48BLhvs3kKo4NwG7MGLNgy1RJiYtT8Dpw=="
      },
      "GraphQL-Parser": {
        "type": "Transitive",
        "resolved": "9.5.0",
        "contentHash": "5XWJGKHdVi8pyD4P0EglmJmlXEGs0HzvGlEBf3+/Ve1jLYBBKIOkKvY0Ej17b9Kn1bbBxkrmghqbmsMbkLL1nQ=="
      },
      "GraphQL.Analyzers": {
        "type": "Transitive",
        "resolved": "8.8.4",
        "contentHash": "uzsOFK6wKUjefBhejWX6bzomjAM2tgqFWdjvTK26skYzGZPqA9r4Ra+AeOR3aARWlQetmB1T7nG5fIMfZfyLQw=="
      },
      "IPAddressRange": {
        "type": "Transitive",
        "resolved": "6.3.0",
        "contentHash": "VrGoeUz+ZK2QiwHNj+vab9uOvTDucenRseJZjc4uB7ASduQ7RNWnpd8gy1e9z2BsY4VoigVaCRrcQCQKuQVSiw=="
      },
      "Microsoft.AspNetCore.JsonPatch": {
        "type": "Transitive",
        "resolved": "10.0.7",
        "contentHash": "EKAXIhmjgUIz/y1IRGAKOfbJhkl/CXbeD6mn+f7mtn3cRSq+xBBYxsoXaF3Dob5J3LIGdiZumCmHV9MkO5P7lQ==",
        "dependencies": {
          "Newtonsoft.Json": "13.0.3"
        }
      },
      "Microsoft.AspNetCore.MiddlewareAnalysis": {
        "type": "Transitive",
        "resolved": "10.0.7",
        "contentHash": "DchCEEI7jT2S2wG8tn0OemP0BuGcRwqQxX2fU5/XH4u76RM7dJfQpwzB+P2s/cPi34tQaFUgOmA1ciIszjwc+g=="
      },
      "Microsoft.AspNetCore.Mvc.NewtonsoftJson": {
        "type": "Transitive",
        "resolved": "10.0.7",
        "contentHash": "z3aAaAEav7PYOLGRQfD9VuC20SFOoO1BgaTPXE20fOm85Uexml3zjY82srgH14frNhO3uNbu1UE5w3gt3KxWcQ==",
        "dependencies": {
          "Microsoft.AspNetCore.JsonPatch": "10.0.7",
          "Newtonsoft.Json": "13.0.3",
          "Newtonsoft.Json.Bson": "1.0.2"
        }
      },
      "Microsoft.Extensions.DiagnosticAdapter": {
        "type": "Transitive",
        "resolved": "3.1.32",
        "contentHash": "oDv3wt+Q5cmaSfOQ3Cdu6dF6sn/x5gzWdNpOq4ajBwCMWYBr6CchncDvB9pF83ORlbDuX32MsVLOPGPxW4Lx4g=="
      },
      "Newtonsoft.Json": {
        "type": "Transitive",
        "resolved": "13.0.3",
        "contentHash": "HrC5BXdl00IP9zeV+0Z848QWPAoCr9P3bDEZguI+gkLcBKAOxix/tLEAAHC+UvDNPv4a2d18lOReHMOagPa+zQ=="
      },
      "Newtonsoft.Json.Bson": {
        "type": "Transitive",
        "resolved": "1.0.2",
        "contentHash": "QYFyxhaABwmq3p/21VrZNYvCg3DaEoN/wUuw5nmfAf0X3HLjgupwhkEWdgfb9nvGAUIv3osmZoD3kKl4jxEmYQ==",
        "dependencies": {
          "Newtonsoft.Json": "12.0.1"
        }
      },
      "ocelot": {
        "type": "Project",
        "dependencies": {
          "FluentValidation": "[12.1.1, )",
          "IPAddressRange": "[6.3.0, )",
          "Microsoft.AspNetCore.MiddlewareAnalysis": "[10.0.7, )",
          "Microsoft.AspNetCore.Mvc.NewtonsoftJson": "[10.0.7, )",
          "Microsoft.Extensions.DiagnosticAdapter": "[3.1.32, )"
        }
      },
      "ocelot.samples.web": {
        "type": "Project"
      }
    },
    "net8.0": {
      "GraphQL": {
        "type": "Direct",
        "requested": "[8.8.4, )",
        "resolved": "8.8.4",
        "contentHash": "Ey/3R5ydkfriUG6PXiZPdeGkyLADQ/wZMgDBtHto5ZvSv+PtzpOD8YX0WAFvW3SA7Ldvwzw5S3RVBSB97imANA==",
        "dependencies": {
          "GraphQL-Parser": "9.5.0",
          "GraphQL.Analyzers": "8.8.4"
        }
      },
      "GraphQL.NewtonsoftJson": {
        "type": "Direct",
        "requested": "[8.8.4, )",
        "resolved": "8.8.4",
        "contentHash": "Y3ZN5RpVEM43g4U36fVMkBBETWxjCaffVlJ1CqLPBWqmL7PF/IXKt1lQCvWXDY6AysAbiPaLk5hy/zbP3hvEWw==",
        "dependencies": {
          "GraphQL": "[8.8.4, 9.0.0)",
          "Newtonsoft.Json": "13.0.3"
        }
      },
      "FluentValidation": {
        "type": "Transitive",
        "resolved": "12.1.1",
        "contentHash": "EPpkIe1yh1a0OXyC100oOA8WMbZvqUu5plwhvYcb7oSELfyUZzfxV48BLhvs3kKo4NwG7MGLNgy1RJiYtT8Dpw=="
      },
      "GraphQL-Parser": {
        "type": "Transitive",
        "resolved": "9.5.0",
        "contentHash": "5XWJGKHdVi8pyD4P0EglmJmlXEGs0HzvGlEBf3+/Ve1jLYBBKIOkKvY0Ej17b9Kn1bbBxkrmghqbmsMbkLL1nQ=="
      },
      "GraphQL.Analyzers": {
        "type": "Transitive",
        "resolved": "8.8.4",
        "contentHash": "uzsOFK6wKUjefBhejWX6bzomjAM2tgqFWdjvTK26skYzGZPqA9r4Ra+AeOR3aARWlQetmB1T7nG5fIMfZfyLQw=="
      },
      "IPAddressRange": {
        "type": "Transitive",
        "resolved": "6.3.0",
        "contentHash": "VrGoeUz+ZK2QiwHNj+vab9uOvTDucenRseJZjc4uB7ASduQ7RNWnpd8gy1e9z2BsY4VoigVaCRrcQCQKuQVSiw=="
      },
      "Microsoft.AspNetCore.JsonPatch": {
        "type": "Transitive",
        "resolved": "8.0.26",
        "contentHash": "y4kI9AVsLyd94E7X7XUNDLU/k/HNaeIACxR/nItCRYdmLxAK/TAOM48+SJEWgNtWmieDQZFqH19T3bi4DUWlmw==",
        "dependencies": {
          "Newtonsoft.Json": "13.0.3"
        }
      },
      "Microsoft.AspNetCore.MiddlewareAnalysis": {
        "type": "Transitive",
        "resolved": "8.0.26",
        "contentHash": "YGn8AW49mYFGnw1wLEKrvB1r3BQdI1BS3CJGOBU4Y5NG0YRGZ4yVNkfWueUvul2buFCD1UkvFK/5Uso5Xf6J1A=="
      },
      "Microsoft.AspNetCore.Mvc.NewtonsoftJson": {
        "type": "Transitive",
        "resolved": "8.0.26",
        "contentHash": "2fGEeAA/1v2CnnXIDWkOvWy9hSa37X/3L/DtxPT076APAL9dmR6jxa6yV4wC1CQVRkv2db676Xo+exSeu5XGjA==",
        "dependencies": {
          "Microsoft.AspNetCore.JsonPatch": "8.0.26",
          "Newtonsoft.Json": "13.0.3",
          "Newtonsoft.Json.Bson": "1.0.2"
        }
      },
      "Microsoft.Extensions.DiagnosticAdapter": {
        "type": "Transitive",
        "resolved": "3.1.32",
        "contentHash": "oDv3wt+Q5cmaSfOQ3Cdu6dF6sn/x5gzWdNpOq4ajBwCMWYBr6CchncDvB9pF83ORlbDuX32MsVLOPGPxW4Lx4g=="
      },
      "Newtonsoft.Json": {
        "type": "Transitive",
        "resolved": "13.0.3",
        "contentHash": "HrC5BXdl00IP9zeV+0Z848QWPAoCr9P3bDEZguI+gkLcBKAOxix/tLEAAHC+UvDNPv4a2d18lOReHMOagPa+zQ=="
      },
      "Newtonsoft.Json.Bson": {
        "type": "Transitive",
        "resolved": "1.0.2",
        "contentHash": "QYFyxhaABwmq3p/21VrZNYvCg3DaEoN/wUuw5nmfAf0X3HLjgupwhkEWdgfb9nvGAUIv3osmZoD3kKl4jxEmYQ==",
        "dependencies": {
          "Newtonsoft.Json": "12.0.1"
        }
      },
      "ocelot": {
        "type": "Project",
        "dependencies": {
          "FluentValidation": "[12.1.1, )",
          "IPAddressRange": "[6.3.0, )",
          "Microsoft.AspNetCore.MiddlewareAnalysis": "[8.0.26, )",
          "Microsoft.AspNetCore.Mvc.NewtonsoftJson": "[8.0.26, )",
          "Microsoft.Extensions.DiagnosticAdapter": "[3.1.32, )"
        }
      },
      "ocelot.samples.web": {
        "type": "Project"
      }
    },
    "net9.0": {
      "GraphQL": {
        "type": "Direct",
        "requested": "[8.8.4, )",
        "resolved": "8.8.4",
        "contentHash": "Ey/3R5ydkfriUG6PXiZPdeGkyLADQ/wZMgDBtHto5ZvSv+PtzpOD8YX0WAFvW3SA7Ldvwzw5S3RVBSB97imANA==",
        "dependencies": {
          "GraphQL-Parser": "9.5.0",
          "GraphQL.Analyzers": "8.8.4"
        }
      },
      "GraphQL.NewtonsoftJson": {
        "type": "Direct",
        "requested": "[8.8.4, )",
        "resolved": "8.8.4",
        "contentHash": "Y3ZN5RpVEM43g4U36fVMkBBETWxjCaffVlJ1CqLPBWqmL7PF/IXKt1lQCvWXDY6AysAbiPaLk5hy/zbP3hvEWw==",
        "dependencies": {
          "GraphQL": "[8.8.4, 9.0.0)",
          "Newtonsoft.Json": "13.0.3"
        }
      },
      "FluentValidation": {
        "type": "Transitive",
        "resolved": "12.1.1",
        "contentHash": "EPpkIe1yh1a0OXyC100oOA8WMbZvqUu5plwhvYcb7oSELfyUZzfxV48BLhvs3kKo4NwG7MGLNgy1RJiYtT8Dpw=="
      },
      "GraphQL-Parser": {
        "type": "Transitive",
        "resolved": "9.5.0",
        "contentHash": "5XWJGKHdVi8pyD4P0EglmJmlXEGs0HzvGlEBf3+/Ve1jLYBBKIOkKvY0Ej17b9Kn1bbBxkrmghqbmsMbkLL1nQ=="
      },
      "GraphQL.Analyzers": {
        "type": "Transitive",
        "resolved": "8.8.4",
        "contentHash": "uzsOFK6wKUjefBhejWX6bzomjAM2tgqFWdjvTK26skYzGZPqA9r4Ra+AeOR3aARWlQetmB1T7nG5fIMfZfyLQw=="
      },
      "IPAddressRange": {
        "type": "Transitive",
        "resolved": "6.3.0",
        "contentHash": "VrGoeUz+ZK2QiwHNj+vab9uOvTDucenRseJZjc4uB7ASduQ7RNWnpd8gy1e9z2BsY4VoigVaCRrcQCQKuQVSiw=="
      },
      "Microsoft.AspNetCore.JsonPatch": {
        "type": "Transitive",
        "resolved": "9.0.15",
        "contentHash": "tSsfNPpt0RlQkPWGAqp5rIFtOhHFq22uOq7jS+9cvdLY4QHWtte1RX2HyQChSu9/tFSbZ4T8dyB1LkWHcLe+IA==",
        "dependencies": {
          "Newtonsoft.Json": "13.0.3"
        }
      },
      "Microsoft.AspNetCore.MiddlewareAnalysis": {
        "type": "Transitive",
        "resolved": "9.0.15",
        "contentHash": "v+osDLJSKKjrT28X0zHvJ+suAiO9ClzOboQ9htN6v2fhBq/dSbH2n+ASIc0Sha1lZNiTQZPPeNmHQADWDQ1aNQ=="
      },
      "Microsoft.AspNetCore.Mvc.NewtonsoftJson": {
        "type": "Transitive",
        "resolved": "9.0.15",
        "contentHash": "AwrBZkfDDIZC/MWtK5UuxmCePuKgc58nrIUaZh1mmHN3hx//sJDtgxHMPaUmZ9s/0NWWifp4zUeW0IdKh/b7UA==",
        "dependencies": {
          "Microsoft.AspNetCore.JsonPatch": "9.0.15",
          "Newtonsoft.Json": "13.0.3",
          "Newtonsoft.Json.Bson": "1.0.2"
        }
      },
      "Microsoft.Extensions.DiagnosticAdapter": {
        "type": "Transitive",
        "resolved": "3.1.32",
        "contentHash": "oDv3wt+Q5cmaSfOQ3Cdu6dF6sn/x5gzWdNpOq4ajBwCMWYBr6CchncDvB9pF83ORlbDuX32MsVLOPGPxW4Lx4g=="
      },
      "Newtonsoft.Json": {
        "type": "Transitive",
        "resolved": "13.0.3",
        "contentHash": "HrC5BXdl00IP9zeV+0Z848QWPAoCr9P3bDEZguI+gkLcBKAOxix/tLEAAHC+UvDNPv4a2d18lOReHMOagPa+zQ=="
      },
      "Newtonsoft.Json.Bson": {
        "type": "Transitive",
        "resolved": "1.0.2",
        "contentHash": "QYFyxhaABwmq3p/21VrZNYvCg3DaEoN/wUuw5nmfAf0X3HLjgupwhkEWdgfb9nvGAUIv3osmZoD3kKl4jxEmYQ==",
        "dependencies": {
          "Newtonsoft.Json": "12.0.1"
        }
      },
      "ocelot": {
        "type": "Project",
        "dependencies": {
          "FluentValidation": "[12.1.1, )",
          "IPAddressRange": "[6.3.0, )",
          "Microsoft.AspNetCore.MiddlewareAnalysis": "[9.0.15, )",
          "Microsoft.AspNetCore.Mvc.NewtonsoftJson": "[9.0.15, )",
          "Microsoft.Extensions.DiagnosticAdapter": "[3.1.32, )"
        }
      },
      "ocelot.samples.web": {
        "type": "Project"
      }
    }
  }
}