{
  "version": 1,
  "dependencies": {
    "net10.0": {
      "BouncyCastle.Cryptography": {
        "type": "Transitive",
        "resolved": "2.4.0",
        "contentHash": "SwXsAV3sMvAU/Nn31pbjhWurYSjJ+/giI/0n6tCrYoupEK34iIHCuk3STAd9fx8yudM85KkLSVdn951vTng/vQ=="
      },
      "FluentValidation": {
        "type": "Transitive",
        "resolved": "12.1.1",
        "contentHash": "EPpkIe1yh1a0OXyC100oOA8WMbZvqUu5plwhvYcb7oSELfyUZzfxV48BLhvs3kKo4NwG7MGLNgy1RJiYtT8Dpw=="
      },
      "IPAddressRange": {
        "type": "Transitive",
        "resolved": "6.3.0",
        "contentHash": "VrGoeUz+ZK2QiwHNj+vab9uOvTDucenRseJZjc4uB7ASduQ7RNWnpd8gy1e9z2BsY4VoigVaCRrcQCQKuQVSiw=="
      },
      "KubeClient": {
        "type": "Transitive",
        "resolved": "3.1.1",
        "contentHash": "LPcQzwfwZ/lwq3gXBzaoX5Kl4yHFMoYVprqzg+LO2eiH1kGxUQenCP4L3PVmBuvGPPdV7gCbRYgqWEVno75ZIg==",
        "dependencies": {
          "KubeClient.Core": "3.1.1",
          "KubeClient.Http": "3.1.1",
          "Microsoft.AspNetCore.JsonPatch": "10.0.0",
          "Newtonsoft.Json": "13.0.3",
          "System.Reactive": "6.0.1",
          "YamlDotNet": "16.1.3"
        }
      },
      "KubeClient.Core": {
        "type": "Transitive",
        "resolved": "3.1.1",
        "contentHash": "mmoPmkbbJe9JYU1dd9NFenB3Ovd9syqiMhVs5evANeePLLT+z1sjypjfPn9QoedGwXbcTdMk5D5ysFV9Oq18wQ=="
      },
      "KubeClient.Extensions.DependencyInjection": {
        "type": "Transitive",
        "resolved": "3.1.1",
        "contentHash": "Ip3j5bbWEjUc9nK4XWC/OtmrDxfBF0iZ/cuRojkuebhIxporSZvXJVmJxK09fCb6NSiS0dn+6/RPyPu199RUXg==",
        "dependencies": {
          "KubeClient": "3.1.1",
          "KubeClient.Extensions.KubeConfig": "3.1.1"
        }
      },
      "KubeClient.Extensions.KubeConfig": {
        "type": "Transitive",
        "resolved": "3.1.1",
        "contentHash": "gHwW2SubrB1tukFZ3K5xgRAowkZh4JQZrzNM64WE4HfI1xVyY3FxEKIxogzK39Y15tbnWz9DjuiJ2RKtCN5wMQ==",
        "dependencies": {
          "BouncyCastle.Cryptography": "2.4.0",
          "KubeClient": "3.1.1",
          "Newtonsoft.Json": "13.0.3",
          "System.Reactive": "6.0.1",
          "YamlDotNet": "16.1.3"
        }
      },
      "KubeClient.Http": {
        "type": "Transitive",
        "resolved": "3.1.1",
        "contentHash": "jta97xQm/ZxwrD/9agZa87NCvCBjUSxV2XzejemkLXkKvAybEiRFtXFU7qMt9SvjNkpgiLhl1Cn4Idh0lmpZNA==",
        "dependencies": {
          "KubeClient.Core": "3.1.1",
          "Microsoft.AspNetCore.JsonPatch": "10.0.0",
          "Newtonsoft.Json": "13.0.3"
        }
      },
      "Microsoft.AspNetCore.JsonPatch": {
        "type": "Transitive",
        "resolved": "10.0.7",
        "contentHash": "EKAXIhmjgUIz/y1IRGAKOfbJhkl/CXbeD6mn+f7mtn3cRSq+xBBYxsoXaF3Dob5J3LIGdiZumCmHV9MkO5P7lQ==",
        "dependencies": {
          "Newtonsoft.Json": "13.0.3"
        }
      },
      "Microsoft.AspNetCore.MiddlewareAnalysis": {
        "type": "Transitive",
        "resolved": "10.0.7",
        "contentHash": "DchCEEI7jT2S2wG8tn0OemP0BuGcRwqQxX2fU5/XH4u76RM7dJfQpwzB+P2s/cPi34tQaFUgOmA1ciIszjwc+g=="
      },
      "Microsoft.AspNetCore.Mvc.NewtonsoftJson": {
        "type": "Transitive",
        "resolved": "10.0.7",
        "contentHash": "z3aAaAEav7PYOLGRQfD9VuC20SFOoO1BgaTPXE20fOm85Uexml3zjY82srgH14frNhO3uNbu1UE5w3gt3KxWcQ==",
        "dependencies": {
          "Microsoft.AspNetCore.JsonPatch": "10.0.7",
          "Newtonsoft.Json": "13.0.3",
          "Newtonsoft.Json.Bson": "1.0.2"
        }
      },
      "Microsoft.Extensions.DiagnosticAdapter": {
        "type": "Transitive",
        "resolved": "3.1.32",
        "contentHash": "oDv3wt+Q5cmaSfOQ3Cdu6dF6sn/x5gzWdNpOq4ajBwCMWYBr6CchncDvB9pF83ORlbDuX32MsVLOPGPxW4Lx4g=="
      },
      "Newtonsoft.Json": {
        "type": "Transitive",
        "resolved": "13.0.3",
        "contentHash": "HrC5BXdl00IP9zeV+0Z848QWPAoCr9P3bDEZguI+gkLcBKAOxix/tLEAAHC+UvDNPv4a2d18lOReHMOagPa+zQ=="
      },
      "Newtonsoft.Json.Bson": {
        "type": "Transitive",
        "resolved": "1.0.2",
        "contentHash": "QYFyxhaABwmq3p/21VrZNYvCg3DaEoN/wUuw5nmfAf0X3HLjgupwhkEWdgfb9nvGAUIv3osmZoD3kKl4jxEmYQ==",
        "dependencies": {
          "Newtonsoft.Json": "12.0.1"
        }
      },
      "System.Reactive": {
        "type": "Transitive",
        "resolved": "6.0.1",
        "contentHash": "rHaWtKDwCi9qJ3ObKo8LHPMuuwv33YbmQi7TcUK1C264V3MFnOr5Im7QgCTdLniztP3GJyeiSg5x8NqYJFqRmg=="
      },
      "YamlDotNet": {
        "type": "Transitive",
        "resolved": "16.1.3",
        "contentHash": "gtHGiDvU9VTtWte8f0thIM38cL1oowOjStKpeAEKKfA+Rc4AvekJzqFDZiiPcc4kw00ZiwR4OTJS56L16q98DQ=="
      },
      "ocelot": {
        "type": "Project",
        "dependencies": {
          "FluentValidation": "[12.1.1, )",
          "IPAddressRange": "[6.3.0, )",
          "Microsoft.AspNetCore.MiddlewareAnalysis": "[10.0.7, )",
          "Microsoft.AspNetCore.Mvc.NewtonsoftJson": "[10.0.7, )",
          "Microsoft.Extensions.DiagnosticAdapter": "[3.1.32, )"
        }
      },
      "ocelot.provider.kubernetes": {
        "type": "Project",
        "dependencies": {
          "KubeClient": "[3.1.1, )",
          "KubeClient.Extensions.DependencyInjection": "[3.1.1, )",
          "Ocelot": "[0.0.0-dev, )"
        }
      },
      "ocelot.samples.web": {
        "type": "Project"
      }
    },
    "net8.0": {
      "BouncyCastle.Cryptography": {
        "type": "Transitive",
        "resolved": "2.4.0",
        "contentHash": "SwXsAV3sMvAU/Nn31pbjhWurYSjJ+/giI/0n6tCrYoupEK34iIHCuk3STAd9fx8yudM85KkLSVdn951vTng/vQ=="
      },
      "FluentValidation": {
        "type": "Transitive",
        "resolved": "12.1.1",
        "contentHash": "EPpkIe1yh1a0OXyC100oOA8WMbZvqUu5plwhvYcb7oSELfyUZzfxV48BLhvs3kKo4NwG7MGLNgy1RJiYtT8Dpw=="
      },
      "IPAddressRange": {
        "type": "Transitive",
        "resolved": "6.3.0",
        "contentHash": "VrGoeUz+ZK2QiwHNj+vab9uOvTDucenRseJZjc4uB7ASduQ7RNWnpd8gy1e9z2BsY4VoigVaCRrcQCQKuQVSiw=="
      },
      "KubeClient": {
        "type": "Transitive",
        "resolved": "3.1.1",
        "contentHash": "LPcQzwfwZ/lwq3gXBzaoX5Kl4yHFMoYVprqzg+LO2eiH1kGxUQenCP4L3PVmBuvGPPdV7gCbRYgqWEVno75ZIg==",
        "dependencies": {
          "KubeClient.Core": "3.1.1",
          "KubeClient.Http": "3.1.1",
          "Microsoft.AspNetCore.JsonPatch": "8.0.0",
          "Newtonsoft.Json": "13.0.3",
          "System.Reactive": "6.0.1",
          "YamlDotNet": "16.1.3"
        }
      },
      "KubeClient.Core": {
        "type": "Transitive",
        "resolved": "3.1.1",
        "contentHash": "mmoPmkbbJe9JYU1dd9NFenB3Ovd9syqiMhVs5evANeePLLT+z1sjypjfPn9QoedGwXbcTdMk5D5ysFV9Oq18wQ=="
      },
      "KubeClient.Extensions.DependencyInjection": {
        "type": "Transitive",
        "resolved": "3.1.1",
        "contentHash": "Ip3j5bbWEjUc9nK4XWC/OtmrDxfBF0iZ/cuRojkuebhIxporSZvXJVmJxK09fCb6NSiS0dn+6/RPyPu199RUXg==",
        "dependencies": {
          "KubeClient": "3.1.1",
          "KubeClient.Extensions.KubeConfig": "3.1.1"
        }
      },
      "KubeClient.Extensions.KubeConfig": {
        "type": "Transitive",
        "resolved": "3.1.1",
        "contentHash": "gHwW2SubrB1tukFZ3K5xgRAowkZh4JQZrzNM64WE4HfI1xVyY3FxEKIxogzK39Y15tbnWz9DjuiJ2RKtCN5wMQ==",
        "dependencies": {
          "BouncyCastle.Cryptography": "2.4.0",
          "KubeClient": "3.1.1",
          "Newtonsoft.Json": "13.0.3",
          "System.Reactive": "6.0.1",
          "YamlDotNet": "16.1.3"
        }
      },
      "KubeClient.Http": {
        "type": "Transitive",
        "resolved": "3.1.1",
        "contentHash": "jta97xQm/ZxwrD/9agZa87NCvCBjUSxV2XzejemkLXkKvAybEiRFtXFU7qMt9SvjNkpgiLhl1Cn4Idh0lmpZNA==",
        "dependencies": {
          "KubeClient.Core": "3.1.1",
          "Microsoft.AspNetCore.JsonPatch": "8.0.0",
          "Newtonsoft.Json": "13.0.3"
        }
      },
      "Microsoft.AspNetCore.JsonPatch": {
        "type": "Transitive",
        "resolved": "8.0.26",
        "contentHash": "y4kI9AVsLyd94E7X7XUNDLU/k/HNaeIACxR/nItCRYdmLxAK/TAOM48+SJEWgNtWmieDQZFqH19T3bi4DUWlmw==",
        "dependencies": {
          "Newtonsoft.Json": "13.0.3"
        }
      },
      "Microsoft.AspNetCore.MiddlewareAnalysis": {
        "type": "Transitive",
        "resolved": "8.0.26",
        "contentHash": "YGn8AW49mYFGnw1wLEKrvB1r3BQdI1BS3CJGOBU4Y5NG0YRGZ4yVNkfWueUvul2buFCD1UkvFK/5Uso5Xf6J1A=="
      },
      "Microsoft.AspNetCore.Mvc.NewtonsoftJson": {
        "type": "Transitive",
        "resolved": "8.0.26",
        "contentHash": "2fGEeAA/1v2CnnXIDWkOvWy9hSa37X/3L/DtxPT076APAL9dmR6jxa6yV4wC1CQVRkv2db676Xo+exSeu5XGjA==",
        "dependencies": {
          "Microsoft.AspNetCore.JsonPatch": "8.0.26",
          "Newtonsoft.Json": "13.0.3",
          "Newtonsoft.Json.Bson": "1.0.2"
        }
      },
      "Microsoft.Extensions.DiagnosticAdapter": {
        "type": "Transitive",
        "resolved": "3.1.32",
        "contentHash": "oDv3wt+Q5cmaSfOQ3Cdu6dF6sn/x5gzWdNpOq4ajBwCMWYBr6CchncDvB9pF83ORlbDuX32MsVLOPGPxW4Lx4g=="
      },
      "Newtonsoft.Json": {
        "type": "Transitive",
        "resolved": "13.0.3",
        "contentHash": "HrC5BXdl00IP9zeV+0Z848QWPAoCr9P3bDEZguI+gkLcBKAOxix/tLEAAHC+UvDNPv4a2d18lOReHMOagPa+zQ=="
      },
      "Newtonsoft.Json.Bson": {
        "type": "Transitive",
        "resolved": "1.0.2",
        "contentHash": "QYFyxhaABwmq3p/21VrZNYvCg3DaEoN/wUuw5nmfAf0X3HLjgupwhkEWdgfb9nvGAUIv3osmZoD3kKl4jxEmYQ==",
        "dependencies": {
          "Newtonsoft.Json": "12.0.1"
        }
      },
      "System.Reactive": {
        "type": "Transitive",
        "resolved": "6.0.1",
        "contentHash": "rHaWtKDwCi9qJ3ObKo8LHPMuuwv33YbmQi7TcUK1C264V3MFnOr5Im7QgCTdLniztP3GJyeiSg5x8NqYJFqRmg=="
      },
      "YamlDotNet": {
        "type": "Transitive",
        "resolved": "16.1.3",
        "contentHash": "gtHGiDvU9VTtWte8f0thIM38cL1oowOjStKpeAEKKfA+Rc4AvekJzqFDZiiPcc4kw00ZiwR4OTJS56L16q98DQ=="
      },
      "ocelot": {
        "type": "Project",
        "dependencies": {
          "FluentValidation": "[12.1.1, )",
          "IPAddressRange": "[6.3.0, )",
          "Microsoft.AspNetCore.MiddlewareAnalysis": "[8.0.26, )",
          "Microsoft.AspNetCore.Mvc.NewtonsoftJson": "[8.0.26, )",
          "Microsoft.Extensions.DiagnosticAdapter": "[3.1.32, )"
        }
      },
      "ocelot.provider.kubernetes": {
        "type": "Project",
        "dependencies": {
          "KubeClient": "[3.1.1, )",
          "KubeClient.Extensions.DependencyInjection": "[3.1.1, )",
          "Ocelot": "[0.0.0-dev, )"
        }
      },
      "ocelot.samples.web": {
        "type": "Project"
      }
    },
    "net9.0": {
      "BouncyCastle.Cryptography": {
        "type": "Transitive",
        "resolved": "2.4.0",
        "contentHash": "SwXsAV3sMvAU/Nn31pbjhWurYSjJ+/giI/0n6tCrYoupEK34iIHCuk3STAd9fx8yudM85KkLSVdn951vTng/vQ=="
      },
      "FluentValidation": {
        "type": "Transitive",
        "resolved": "12.1.1",
        "contentHash": "EPpkIe1yh1a0OXyC100oOA8WMbZvqUu5plwhvYcb7oSELfyUZzfxV48BLhvs3kKo4NwG7MGLNgy1RJiYtT8Dpw=="
      },
      "IPAddressRange": {
        "type": "Transitive",
        "resolved": "6.3.0",
        "contentHash": "VrGoeUz+ZK2QiwHNj+vab9uOvTDucenRseJZjc4uB7ASduQ7RNWnpd8gy1e9z2BsY4VoigVaCRrcQCQKuQVSiw=="
      },
      "KubeClient": {
        "type": "Transitive",
        "resolved": "3.1.1",
        "contentHash": "LPcQzwfwZ/lwq3gXBzaoX5Kl4yHFMoYVprqzg+LO2eiH1kGxUQenCP4L3PVmBuvGPPdV7gCbRYgqWEVno75ZIg==",
        "dependencies": {
          "KubeClient.Core": "3.1.1",
          "KubeClient.Http": "3.1.1",
          "Microsoft.AspNetCore.JsonPatch": "9.0.3",
          "Newtonsoft.Json": "13.0.3",
          "System.Reactive": "6.0.1",
          "YamlDotNet": "16.1.3"
        }
      },
      "KubeClient.Core": {
        "type": "Transitive",
        "resolved": "3.1.1",
        "contentHash": "mmoPmkbbJe9JYU1dd9NFenB3Ovd9syqiMhVs5evANeePLLT+z1sjypjfPn9QoedGwXbcTdMk5D5ysFV9Oq18wQ=="
      },
      "KubeClient.Extensions.DependencyInjection": {
        "type": "Transitive",
        "resolved": "3.1.1",
        "contentHash": "Ip3j5bbWEjUc9nK4XWC/OtmrDxfBF0iZ/cuRojkuebhIxporSZvXJVmJxK09fCb6NSiS0dn+6/RPyPu199RUXg==",
        "dependencies": {
          "KubeClient": "3.1.1",
          "KubeClient.Extensions.KubeConfig": "3.1.1"
        }
      },
      "KubeClient.Extensions.KubeConfig": {
        "type": "Transitive",
        "resolved": "3.1.1",
        "contentHash": "gHwW2SubrB1tukFZ3K5xgRAowkZh4JQZrzNM64WE4HfI1xVyY3FxEKIxogzK39Y15tbnWz9DjuiJ2RKtCN5wMQ==",
        "dependencies": {
          "BouncyCastle.Cryptography": "2.4.0",
          "KubeClient": "3.1.1",
          "Newtonsoft.Json": "13.0.3",
          "System.Reactive": "6.0.1",
          "YamlDotNet": "16.1.3"
        }
      },
      "KubeClient.Http": {
        "type": "Transitive",
        "resolved": "3.1.1",
        "contentHash": "jta97xQm/ZxwrD/9agZa87NCvCBjUSxV2XzejemkLXkKvAybEiRFtXFU7qMt9SvjNkpgiLhl1Cn4Idh0lmpZNA==",
        "dependencies": {
          "KubeClient.Core": "3.1.1",
          "Microsoft.AspNetCore.JsonPatch": "9.0.3",
          "Newtonsoft.Json": "13.0.3"
        }
      },
      "Microsoft.AspNetCore.JsonPatch": {
        "type": "Transitive",
        "resolved": "9.0.15",
        "contentHash": "tSsfNPpt0RlQkPWGAqp5rIFtOhHFq22uOq7jS+9cvdLY4QHWtte1RX2HyQChSu9/tFSbZ4T8dyB1LkWHcLe+IA==",
        "dependencies": {
          "Newtonsoft.Json": "13.0.3"
        }
      },
      "Microsoft.AspNetCore.MiddlewareAnalysis": {
        "type": "Transitive",
        "resolved": "9.0.15",
        "contentHash": "v+osDLJSKKjrT28X0zHvJ+suAiO9ClzOboQ9htN6v2fhBq/dSbH2n+ASIc0Sha1lZNiTQZPPeNmHQADWDQ1aNQ=="
      },
      "Microsoft.AspNetCore.Mvc.NewtonsoftJson": {
        "type": "Transitive",
        "resolved": "9.0.15",
        "contentHash": "AwrBZkfDDIZC/MWtK5UuxmCePuKgc58nrIUaZh1mmHN3hx//sJDtgxHMPaUmZ9s/0NWWifp4zUeW0IdKh/b7UA==",
        "dependencies": {
          "Microsoft.AspNetCore.JsonPatch": "9.0.15",
          "Newtonsoft.Json": "13.0.3",
          "Newtonsoft.Json.Bson": "1.0.2"
        }
      },
      "Microsoft.Extensions.DiagnosticAdapter": {
        "type": "Transitive",
        "resolved": "3.1.32",
        "contentHash": "oDv3wt+Q5cmaSfOQ3Cdu6dF6sn/x5gzWdNpOq4ajBwCMWYBr6CchncDvB9pF83ORlbDuX32MsVLOPGPxW4Lx4g=="
      },
      "Newtonsoft.Json": {
        "type": "Transitive",
        "resolved": "13.0.3",
        "contentHash": "HrC5BXdl00IP9zeV+0Z848QWPAoCr9P3bDEZguI+gkLcBKAOxix/tLEAAHC+UvDNPv4a2d18lOReHMOagPa+zQ=="
      },
      "Newtonsoft.Json.Bson": {
        "type": "Transitive",
        "resolved": "1.0.2",
        "contentHash": "QYFyxhaABwmq3p/21VrZNYvCg3DaEoN/wUuw5nmfAf0X3HLjgupwhkEWdgfb9nvGAUIv3osmZoD3kKl4jxEmYQ==",
        "dependencies": {
          "Newtonsoft.Json": "12.0.1"
        }
      },
      "System.Reactive": {
        "type": "Transitive",
        "resolved": "6.0.1",
        "contentHash": "rHaWtKDwCi9qJ3ObKo8LHPMuuwv33YbmQi7TcUK1C264V3MFnOr5Im7QgCTdLniztP3GJyeiSg5x8NqYJFqRmg=="
      },
      "YamlDotNet": {
        "type": "Transitive",
        "resolved": "16.1.3",
        "contentHash": "gtHGiDvU9VTtWte8f0thIM38cL1oowOjStKpeAEKKfA+Rc4AvekJzqFDZiiPcc4kw00ZiwR4OTJS56L16q98DQ=="
      },
      "ocelot": {
        "type": "Project",
        "dependencies": {
          "FluentValidation": "[12.1.1, )",
          "IPAddressRange": "[6.3.0, )",
          "Microsoft.AspNetCore.MiddlewareAnalysis": "[9.0.15, )",
          "Microsoft.AspNetCore.Mvc.NewtonsoftJson": "[9.0.15, )",
          "Microsoft.Extensions.DiagnosticAdapter": "[3.1.32, )"
        }
      },
      "ocelot.provider.kubernetes": {
        "type": "Project",
        "dependencies": {
          "KubeClient": "[3.1.1, )",
          "KubeClient.Extensions.DependencyInjection": "[3.1.1, )",
          "Ocelot": "[0.0.0-dev, )"
        }
      },
      "ocelot.samples.web": {
        "type": "Project"
      }
    }
  }
}